// !$*UTF8*$!
{
	archiveVersion = 1;
	classes = {
	};
	objectVersion = 46;
	objects = {

/* Begin PBXBuildFile section */
		1D3623260D0F684500981E51 /* TrainBrainAppDelegate.m in Sources */ = {isa = PBXBuildFile; fileRef = 1D3623250D0F684500981E51 /* TrainBrainAppDelegate.m */; };
		1D60589B0D05DD56006BFB54 /* main.m in Sources */ = {isa = PBXBuildFile; fileRef = 29B97316FDCFA39411CA2CEA /* main.m */; };
		52113EDD1571684F00CD19DE /* UIKit.framework in Frameworks */ = {isa = PBXBuildFile; fileRef = 52113EDC1571684F00CD19DE /* UIKit.framework */; };
		52113EDF1571685900CD19DE /* CoreText.framework in Frameworks */ = {isa = PBXBuildFile; fileRef = 52113EDE1571685900CD19DE /* CoreText.framework */; settings = {ATTRIBUTES = (Required, ); }; };
		52113EE11571686A00CD19DE /* QuartzCore.framework in Frameworks */ = {isa = PBXBuildFile; fileRef = 52113EE01571686A00CD19DE /* QuartzCore.framework */; };
		52113EE31571687900CD19DE /* CoreGraphics.framework in Frameworks */ = {isa = PBXBuildFile; fileRef = 52113EE21571687900CD19DE /* CoreGraphics.framework */; };
		52113EED157168AC00CD19DE /* Foundation.framework in Frameworks */ = {isa = PBXBuildFile; fileRef = 52113EEC157168AC00CD19DE /* Foundation.framework */; };
		52113EFA1571746F00CD19DE /* NSAttributedString+Attributes.m in Sources */ = {isa = PBXBuildFile; fileRef = 52113EF71571745900CD19DE /* NSAttributedString+Attributes.m */; };
		52113EFB1571747700CD19DE /* OHAttributedLabel.m in Sources */ = {isa = PBXBuildFile; fileRef = 52113EF91571745900CD19DE /* OHAttributedLabel.m */; };
		52169E4B1631746D0089A4A6 /* libGoogleAnalytics.a in Frameworks */ = {isa = PBXBuildFile; fileRef = 52169E4A1631746D0089A4A6 /* libGoogleAnalytics.a */; };
		52169E4E163174F70089A4A6 /* CFNetwork.framework in Frameworks */ = {isa = PBXBuildFile; fileRef = 52169E4D163174F70089A4A6 /* CFNetwork.framework */; };
		52169E50163175150089A4A6 /* libsqlite3.0.dylib in Frameworks */ = {isa = PBXBuildFile; fileRef = 52169E4F163175150089A4A6 /* libsqlite3.0.dylib */; };
		52AEC5C41602D6EF004C548E /* Default-568h@2x.png in Resources */ = {isa = PBXBuildFile; fileRef = 52AEC5C31602D6EF004C548E /* Default-568h@2x.png */; };
		A102D4D815B754A200D56712 /* BasicCell.m in Sources */ = {isa = PBXBuildFile; fileRef = A102D4D715B754A200D56712 /* BasicCell.m */; };
		A102D4DB15B75CDD00D56712 /* tab_selected_left.png in Resources */ = {isa = PBXBuildFile; fileRef = A102D4D915B75CDD00D56712 /* tab_selected_left.png */; };
		A102D4DC15B75CDD00D56712 /* tab_selected_left@2x.png in Resources */ = {isa = PBXBuildFile; fileRef = A102D4DA15B75CDD00D56712 /* tab_selected_left@2x.png */; };
		A1201227157C4CF300A25DAB /* MessageUI.framework in Frameworks */ = {isa = PBXBuildFile; fileRef = A1201226157C4CF300A25DAB /* MessageUI.framework */; };
		A1271F9715B1F2AD00578BE3 /* UIColor_Categories.m in Sources */ = {isa = PBXBuildFile; fileRef = A1271F9615B1F2AD00578BE3 /* UIColor_Categories.m */; };
		A1271F9C15B235EC00578BE3 /* bg_info_cell.png in Resources */ = {isa = PBXBuildFile; fileRef = A1271F9A15B235EC00578BE3 /* bg_info_cell.png */; };
		A1271F9D15B235EC00578BE3 /* bg_info_cell@2x.png in Resources */ = {isa = PBXBuildFile; fileRef = A1271F9B15B235EC00578BE3 /* bg_info_cell@2x.png */; };
		A1271FA415B2398F00578BE3 /* info_cell_bottom.png in Resources */ = {isa = PBXBuildFile; fileRef = A1271F9E15B2398F00578BE3 /* info_cell_bottom.png */; };
		A1271FA515B2398F00578BE3 /* info_cell_bottom@2x.png in Resources */ = {isa = PBXBuildFile; fileRef = A1271F9F15B2398F00578BE3 /* info_cell_bottom@2x.png */; };
		A1271FA615B2398F00578BE3 /* info_cell_middle.png in Resources */ = {isa = PBXBuildFile; fileRef = A1271FA015B2398F00578BE3 /* info_cell_middle.png */; };
		A1271FA715B2398F00578BE3 /* info_cell_middle@2x.png in Resources */ = {isa = PBXBuildFile; fileRef = A1271FA115B2398F00578BE3 /* info_cell_middle@2x.png */; };
		A1271FA815B2398F00578BE3 /* info_cell_top.png in Resources */ = {isa = PBXBuildFile; fileRef = A1271FA215B2398F00578BE3 /* info_cell_top.png */; };
		A1271FA915B2398F00578BE3 /* info_cell_top@2x.png in Resources */ = {isa = PBXBuildFile; fileRef = A1271FA315B2398F00578BE3 /* info_cell_top@2x.png */; };
		A1271FB015B23C1300578BE3 /* info_cell_single.png in Resources */ = {isa = PBXBuildFile; fileRef = A1271FAE15B23C1300578BE3 /* info_cell_single.png */; };
		A1271FB115B23C1300578BE3 /* info_cell_single@2x.png in Resources */ = {isa = PBXBuildFile; fileRef = A1271FAF15B23C1300578BE3 /* info_cell_single@2x.png */; };
		A14DC56715F98CE200DAF8CB /* icon_info.png in Resources */ = {isa = PBXBuildFile; fileRef = A14DC56515F98CE200DAF8CB /* icon_info.png */; };
		A14DC56815F98CE200DAF8CB /* icon_info@2x.png in Resources */ = {isa = PBXBuildFile; fileRef = A14DC56615F98CE200DAF8CB /* icon_info@2x.png */; };
		A16BA39215685C4C00B8BB55 /* NSObject+SBJSON.m in Sources */ = {isa = PBXBuildFile; fileRef = A16BA38715685C4C00B8BB55 /* NSObject+SBJSON.m */; };
		A16BA39315685C4C00B8BB55 /* NSString+SBJSON.m in Sources */ = {isa = PBXBuildFile; fileRef = A16BA38915685C4C00B8BB55 /* NSString+SBJSON.m */; };
		A16BA39415685C4C00B8BB55 /* SBJSON.m in Sources */ = {isa = PBXBuildFile; fileRef = A16BA38B15685C4C00B8BB55 /* SBJSON.m */; };
		A16BA39515685C4C00B8BB55 /* SBJsonBase.m in Sources */ = {isa = PBXBuildFile; fileRef = A16BA38D15685C4C00B8BB55 /* SBJsonBase.m */; };
		A16BA39615685C4C00B8BB55 /* SBJsonParser.m in Sources */ = {isa = PBXBuildFile; fileRef = A16BA38F15685C4C00B8BB55 /* SBJsonParser.m */; };
		A16BA39715685C4C00B8BB55 /* SBJsonWriter.m in Sources */ = {isa = PBXBuildFile; fileRef = A16BA39115685C4C00B8BB55 /* SBJsonWriter.m */; };
		A16E23BE156C4ACC008B4A3F /* btn_routes_norm.png in Resources */ = {isa = PBXBuildFile; fileRef = A16E23BC156C4ACC008B4A3F /* btn_routes_norm.png */; };
		A16E23BF156C4ACC008B4A3F /* btn_routes_norm@2x.png in Resources */ = {isa = PBXBuildFile; fileRef = A16E23BD156C4ACC008B4A3F /* btn_routes_norm@2x.png */; };
		A16E23C2156C6D2F008B4A3F /* InfoDetailViewController.m in Sources */ = {isa = PBXBuildFile; fileRef = A16E23C1156C6D2F008B4A3F /* InfoDetailViewController.m */; };
		A16E23C5156C6EAE008B4A3F /* Info.m in Sources */ = {isa = PBXBuildFile; fileRef = A16E23C4156C6EAE008B4A3F /* Info.m */; };
		A17A04BA157F943F0021996F /* btn_map_norm.png in Resources */ = {isa = PBXBuildFile; fileRef = A17A04B8157F943F0021996F /* btn_map_norm.png */; };
		A17A04BB157F943F0021996F /* btn_map_norm@2x.png in Resources */ = {isa = PBXBuildFile; fileRef = A17A04B9157F943F0021996F /* btn_map_norm@2x.png */; };
		A17C7B8515805DA100CBBC1F /* nav_info_down.png in Resources */ = {isa = PBXBuildFile; fileRef = A17C7B8115805DA100CBBC1F /* nav_info_down.png */; };
		A17C7B8615805DA100CBBC1F /* nav_info_down@2x.png in Resources */ = {isa = PBXBuildFile; fileRef = A17C7B8215805DA100CBBC1F /* nav_info_down@2x.png */; };
		A19E6D4915B638D900033B1D /* nav_info_norm.png in Resources */ = {isa = PBXBuildFile; fileRef = A19E6D4715B638D900033B1D /* nav_info_norm.png */; };
		A19E6D4A15B638D900033B1D /* nav_info_norm@2X.png in Resources */ = {isa = PBXBuildFile; fileRef = A19E6D4815B638D900033B1D /* nav_info_norm@2X.png */; };
		A1A796C51569D4E2006ACAAD /* MainWindow.xib in Resources */ = {isa = PBXBuildFile; fileRef = A1A796C41569D4E2006ACAAD /* MainWindow.xib */; };
		A1ADA56C156FCFC100360C9D /* btn.png in Resources */ = {isa = PBXBuildFile; fileRef = A1ADA56A156FCFC100360C9D /* btn.png */; };
		A1ADA56D156FCFC100360C9D /* btn@2x.png in Resources */ = {isa = PBXBuildFile; fileRef = A1ADA56B156FCFC100360C9D /* btn@2x.png */; };
		A1B56E2E10F968BF00294BEC /* MBProgressHUD.m in Sources */ = {isa = PBXBuildFile; fileRef = A1B56E2D10F968BF00294BEC /* MBProgressHUD.m */; };
		A1B76460158011C2007AFE54 /* bg_tabswitcher.png in Resources */ = {isa = PBXBuildFile; fileRef = A1B7645E158011C2007AFE54 /* bg_tabswitcher.png */; };
		A1B76461158011C2007AFE54 /* bg_tabswitcher@2x.png in Resources */ = {isa = PBXBuildFile; fileRef = A1B7645F158011C2007AFE54 /* bg_tabswitcher@2x.png */; };
		A1B7646D15804FDD007AFE54 /* nav_departures_down@2x.png in Resources */ = {isa = PBXBuildFile; fileRef = A1B7646B15804FDD007AFE54 /* nav_departures_down@2x.png */; };
		A1B7646E15804FDD007AFE54 /* nav_departures_norm.png in Resources */ = {isa = PBXBuildFile; fileRef = A1B7646C15804FDD007AFE54 /* nav_departures_norm.png */; };
		A1B7647115804FEC007AFE54 /* nav_departures_down.png in Resources */ = {isa = PBXBuildFile; fileRef = A1B7646F15804FEC007AFE54 /* nav_departures_down.png */; };
		A1B7647215804FEC007AFE54 /* nav_departures_norm@2x.png in Resources */ = {isa = PBXBuildFile; fileRef = A1B7647015804FEC007AFE54 /* nav_departures_norm@2x.png */; };
		A1C259B714F7FC77003215E6 /* user_data.plist in Resources */ = {isa = PBXBuildFile; fileRef = A1C259B614F7FC77003215E6 /* user_data.plist */; };
		A1C3D478156C8FC8007212F5 /* EGORefreshTableHeaderView.m in Sources */ = {isa = PBXBuildFile; fileRef = A1C3D46E156C8FC8007212F5 /* EGORefreshTableHeaderView.m */; };
		A1C3D479156C8FC8007212F5 /* blackArrow.png in Resources */ = {isa = PBXBuildFile; fileRef = A1C3D470156C8FC8007212F5 /* blackArrow.png */; };
		A1C3D47A156C8FC8007212F5 /* blackArrow@2x.png in Resources */ = {isa = PBXBuildFile; fileRef = A1C3D471156C8FC8007212F5 /* blackArrow@2x.png */; };
		A1C3D47B156C8FC8007212F5 /* blueArrow.png in Resources */ = {isa = PBXBuildFile; fileRef = A1C3D472156C8FC8007212F5 /* blueArrow.png */; };
		A1C3D47C156C8FC8007212F5 /* blueArrow@2x.png in Resources */ = {isa = PBXBuildFile; fileRef = A1C3D473156C8FC8007212F5 /* blueArrow@2x.png */; };
		A1C3D47D156C8FC8007212F5 /* grayArrow.png in Resources */ = {isa = PBXBuildFile; fileRef = A1C3D474156C8FC8007212F5 /* grayArrow.png */; };
		A1C3D47E156C8FC8007212F5 /* grayArrow@2x.png in Resources */ = {isa = PBXBuildFile; fileRef = A1C3D475156C8FC8007212F5 /* grayArrow@2x.png */; };
		A1C3D47F156C8FC8007212F5 /* whiteArrow.png in Resources */ = {isa = PBXBuildFile; fileRef = A1C3D476156C8FC8007212F5 /* whiteArrow.png */; };
		A1C3D480156C8FC8007212F5 /* whiteArrow@2x.png in Resources */ = {isa = PBXBuildFile; fileRef = A1C3D477156C8FC8007212F5 /* whiteArrow@2x.png */; };
		A1DD5C86152DD89F00C1A88A /* NSString+BeetleFight.m in Sources */ = {isa = PBXBuildFile; fileRef = A1DD5C85152DD89F00C1A88A /* NSString+BeetleFight.m */; };
		A1DE8E6C1568597100EE3BE0 /* 11-clock.png in Resources */ = {isa = PBXBuildFile; fileRef = A1DE8E3C1568597100EE3BE0 /* 11-clock.png */; };
		A1DE8E6D1568597100EE3BE0 /* 11-clock@2x.png in Resources */ = {isa = PBXBuildFile; fileRef = A1DE8E3D1568597100EE3BE0 /* 11-clock@2x.png */; };
		A1DE8E6E1568597100EE3BE0 /* 72-pin.png in Resources */ = {isa = PBXBuildFile; fileRef = A1DE8E3E1568597100EE3BE0 /* 72-pin.png */; };
		A1DE8E6F1568597100EE3BE0 /* 72-pin@2x.png in Resources */ = {isa = PBXBuildFile; fileRef = A1DE8E3F1568597100EE3BE0 /* 72-pin@2x.png */; };
		A1DE8E701568597100EE3BE0 /* 90-lifebuoy.png in Resources */ = {isa = PBXBuildFile; fileRef = A1DE8E401568597100EE3BE0 /* 90-lifebuoy.png */; };
		A1DE8E711568597100EE3BE0 /* 90-lifebuoy@2x.png in Resources */ = {isa = PBXBuildFile; fileRef = A1DE8E411568597100EE3BE0 /* 90-lifebuoy@2x.png */; };
		A1DE8E721568597100EE3BE0 /* arrow_cell.png in Resources */ = {isa = PBXBuildFile; fileRef = A1DE8E421568597100EE3BE0 /* arrow_cell.png */; };
		A1DE8E731568597100EE3BE0 /* arrow_cell@2x.png in Resources */ = {isa = PBXBuildFile; fileRef = A1DE8E431568597100EE3BE0 /* arrow_cell@2x.png */; };
		A1DE8E741568597100EE3BE0 /* arrow_lg.png in Resources */ = {isa = PBXBuildFile; fileRef = A1DE8E441568597100EE3BE0 /* arrow_lg.png */; };
		A1DE8E751568597100EE3BE0 /* arrow_lg@2x.png in Resources */ = {isa = PBXBuildFile; fileRef = A1DE8E451568597100EE3BE0 /* arrow_lg@2x.png */; };
		A1DE8E761568597100EE3BE0 /* background_texture.png in Resources */ = {isa = PBXBuildFile; fileRef = A1DE8E461568597100EE3BE0 /* background_texture.png */; };
		A1DE8E771568597100EE3BE0 /* background_texture@2x.png in Resources */ = {isa = PBXBuildFile; fileRef = A1DE8E471568597100EE3BE0 /* background_texture@2x.png */; };
		A1DE8E781568597100EE3BE0 /* bg_app.png in Resources */ = {isa = PBXBuildFile; fileRef = A1DE8E481568597100EE3BE0 /* bg_app.png */; };
		A1DE8E791568597100EE3BE0 /* bg_app@2x.png in Resources */ = {isa = PBXBuildFile; fileRef = A1DE8E491568597100EE3BE0 /* bg_app@2x.png */; };
		A1DE8E7A1568597100EE3BE0 /* bg_cell.png in Resources */ = {isa = PBXBuildFile; fileRef = A1DE8E4A1568597100EE3BE0 /* bg_cell.png */; };
		A1DE8E7B1568597100EE3BE0 /* bg_cell@2x.png in Resources */ = {isa = PBXBuildFile; fileRef = A1DE8E4B1568597100EE3BE0 /* bg_cell@2x.png */; };
		A1DE8E7C1568597100EE3BE0 /* bg_header.png in Resources */ = {isa = PBXBuildFile; fileRef = A1DE8E4C1568597100EE3BE0 /* bg_header.png */; };
		A1DE8E7D1568597100EE3BE0 /* bg_header@2x.png in Resources */ = {isa = PBXBuildFile; fileRef = A1DE8E4D1568597100EE3BE0 /* bg_header@2x.png */; };
		A1DE8E7E1568597100EE3BE0 /* bg_timer.png in Resources */ = {isa = PBXBuildFile; fileRef = A1DE8E4E1568597100EE3BE0 /* bg_timer.png */; };
		A1DE8E7F1568597100EE3BE0 /* bg_timer@2x.png in Resources */ = {isa = PBXBuildFile; fileRef = A1DE8E4F1568597100EE3BE0 /* bg_timer@2x.png */; };
		A1DE8E801568597100EE3BE0 /* clock.png in Resources */ = {isa = PBXBuildFile; fileRef = A1DE8E501568597100EE3BE0 /* clock.png */; };
		A1DE8E811568597100EE3BE0 /* clock@2x.png in Resources */ = {isa = PBXBuildFile; fileRef = A1DE8E511568597100EE3BE0 /* clock@2x.png */; };
		A1DE8E821568597100EE3BE0 /* Default.png in Resources */ = {isa = PBXBuildFile; fileRef = A1DE8E521568597100EE3BE0 /* Default.png */; };
		A1DE8E831568597100EE3BE0 /* Default@2x.png in Resources */ = {isa = PBXBuildFile; fileRef = A1DE8E531568597100EE3BE0 /* Default@2x.png */; };
		A1DE8E841568597100EE3BE0 /* exclamation.png in Resources */ = {isa = PBXBuildFile; fileRef = A1DE8E541568597100EE3BE0 /* exclamation.png */; };
		A1DE8E851568597100EE3BE0 /* exclamation@2x.png in Resources */ = {isa = PBXBuildFile; fileRef = A1DE8E551568597100EE3BE0 /* exclamation@2x.png */; };
		A1DE8E861568597100EE3BE0 /* header_bar_default.png in Resources */ = {isa = PBXBuildFile; fileRef = A1DE8E561568597100EE3BE0 /* header_bar_default.png */; };
		A1DE8E871568597100EE3BE0 /* header_bar_default@2x.png in Resources */ = {isa = PBXBuildFile; fileRef = A1DE8E571568597100EE3BE0 /* header_bar_default@2x.png */; };
		A1DE8E881568597100EE3BE0 /* header_shadow.png in Resources */ = {isa = PBXBuildFile; fileRef = A1DE8E581568597100EE3BE0 /* header_shadow.png */; };
		A1DE8E891568597100EE3BE0 /* header_shadow@2x.png in Resources */ = {isa = PBXBuildFile; fileRef = A1DE8E591568597100EE3BE0 /* header_shadow@2x.png */; };
		A1DE8E8A1568597100EE3BE0 /* hiaw_map_pin.png in Resources */ = {isa = PBXBuildFile; fileRef = A1DE8E5A1568597100EE3BE0 /* hiaw_map_pin.png */; };
		A1DE8E8B1568597100EE3BE0 /* hiaw_map_pin@2x.png in Resources */ = {isa = PBXBuildFile; fileRef = A1DE8E5B1568597100EE3BE0 /* hiaw_map_pin@2x.png */; };
		A1DE8E8C1568597100EE3BE0 /* Icon-72.png in Resources */ = {isa = PBXBuildFile; fileRef = A1DE8E5C1568597100EE3BE0 /* Icon-72.png */; };
		A1DE8E8D1568597100EE3BE0 /* Icon-Small.png in Resources */ = {isa = PBXBuildFile; fileRef = A1DE8E5D1568597100EE3BE0 /* Icon-Small.png */; };
		A1DE8E8E1568597100EE3BE0 /* Icon.png in Resources */ = {isa = PBXBuildFile; fileRef = A1DE8E5E1568597100EE3BE0 /* Icon.png */; };
		A1DE8E8F1568597100EE3BE0 /* Icon@2x.png in Resources */ = {isa = PBXBuildFile; fileRef = A1DE8E5F1568597100EE3BE0 /* Icon@2x.png */; };
		A1DE8E901568597100EE3BE0 /* icon_arrow.png in Resources */ = {isa = PBXBuildFile; fileRef = A1DE8E601568597100EE3BE0 /* icon_arrow.png */; };
		A1DE8E911568597100EE3BE0 /* icon_arrow@2x.png in Resources */ = {isa = PBXBuildFile; fileRef = A1DE8E611568597100EE3BE0 /* icon_arrow@2x.png */; };
		A1DE8E921568597100EE3BE0 /* icon_clock.png in Resources */ = {isa = PBXBuildFile; fileRef = A1DE8E621568597100EE3BE0 /* icon_clock.png */; };
		A1DE8E931568597100EE3BE0 /* icon_clock@2x.png in Resources */ = {isa = PBXBuildFile; fileRef = A1DE8E631568597100EE3BE0 /* icon_clock@2x.png */; };
		A1DE8E941568597100EE3BE0 /* icon_hiawatha.png in Resources */ = {isa = PBXBuildFile; fileRef = A1DE8E641568597100EE3BE0 /* icon_hiawatha.png */; };
		A1DE8E951568597100EE3BE0 /* icon_hiawatha@2x.png in Resources */ = {isa = PBXBuildFile; fileRef = A1DE8E651568597100EE3BE0 /* icon_hiawatha@2x.png */; };
		A1DE8E961568597100EE3BE0 /* icon_news.png in Resources */ = {isa = PBXBuildFile; fileRef = A1DE8E661568597100EE3BE0 /* icon_news.png */; };
		A1DE8E971568597100EE3BE0 /* icon_news@2x.png in Resources */ = {isa = PBXBuildFile; fileRef = A1DE8E671568597100EE3BE0 /* icon_news@2x.png */; };
		A1DE8E981568597100EE3BE0 /* icon_northstar.png in Resources */ = {isa = PBXBuildFile; fileRef = A1DE8E681568597100EE3BE0 /* icon_northstar.png */; };
		A1DE8E991568597100EE3BE0 /* icon_northstar@2x.png in Resources */ = {isa = PBXBuildFile; fileRef = A1DE8E691568597100EE3BE0 /* icon_northstar@2x.png */; };
		A1DE8E9A1568597100EE3BE0 /* nstr_map_pin.png in Resources */ = {isa = PBXBuildFile; fileRef = A1DE8E6A1568597100EE3BE0 /* nstr_map_pin.png */; };
		A1DE8E9B1568597100EE3BE0 /* nstr_map_pin@2x.png in Resources */ = {isa = PBXBuildFile; fileRef = A1DE8E6B1568597100EE3BE0 /* nstr_map_pin@2x.png */; };
		A1DE8EB2156859CC00EE3BE0 /* AFHTTPClient.m in Sources */ = {isa = PBXBuildFile; fileRef = A1DE8E9E156859CC00EE3BE0 /* AFHTTPClient.m */; };
		A1DE8EB3156859CC00EE3BE0 /* AFHTTPRequestOperation.m in Sources */ = {isa = PBXBuildFile; fileRef = A1DE8EA0156859CC00EE3BE0 /* AFHTTPRequestOperation.m */; };
		A1DE8EB4156859CC00EE3BE0 /* AFImageRequestOperation.m in Sources */ = {isa = PBXBuildFile; fileRef = A1DE8EA2156859CC00EE3BE0 /* AFImageRequestOperation.m */; };
		A1DE8EB5156859CC00EE3BE0 /* AFJSONRequestOperation.m in Sources */ = {isa = PBXBuildFile; fileRef = A1DE8EA4156859CC00EE3BE0 /* AFJSONRequestOperation.m */; };
		A1DE8EB6156859CC00EE3BE0 /* AFJSONUtilities.m in Sources */ = {isa = PBXBuildFile; fileRef = A1DE8EA6156859CC00EE3BE0 /* AFJSONUtilities.m */; };
		A1DE8EB7156859CC00EE3BE0 /* AFNetworkActivityIndicatorManager.m in Sources */ = {isa = PBXBuildFile; fileRef = A1DE8EA8156859CC00EE3BE0 /* AFNetworkActivityIndicatorManager.m */; };
		A1DE8EB8156859CC00EE3BE0 /* AFPropertyListRequestOperation.m in Sources */ = {isa = PBXBuildFile; fileRef = A1DE8EAB156859CC00EE3BE0 /* AFPropertyListRequestOperation.m */; };
		A1DE8EB9156859CC00EE3BE0 /* AFURLConnectionOperation.m in Sources */ = {isa = PBXBuildFile; fileRef = A1DE8EAD156859CC00EE3BE0 /* AFURLConnectionOperation.m */; };
		A1DE8EBA156859CC00EE3BE0 /* AFXMLRequestOperation.m in Sources */ = {isa = PBXBuildFile; fileRef = A1DE8EAF156859CC00EE3BE0 /* AFXMLRequestOperation.m */; };
		A1DE8EBB156859CC00EE3BE0 /* UIImageView+AFNetworking.m in Sources */ = {isa = PBXBuildFile; fileRef = A1DE8EB1156859CC00EE3BE0 /* UIImageView+AFNetworking.m */; };
		A1E848381569BAD3007DF636 /* FunnyPhrase.m in Sources */ = {isa = PBXBuildFile; fileRef = A1E8482D1569BAD3007DF636 /* FunnyPhrase.m */; };
		A1E848391569BAD3007DF636 /* Headsign.m in Sources */ = {isa = PBXBuildFile; fileRef = A1E8482F1569BAD3007DF636 /* Headsign.m */; };
		A1E8483A1569BAD3007DF636 /* Route.m in Sources */ = {isa = PBXBuildFile; fileRef = A1E848311569BAD3007DF636 /* Route.m */; };
		A1E8483B1569BAD3007DF636 /* Stop.m in Sources */ = {isa = PBXBuildFile; fileRef = A1E848331569BAD3007DF636 /* Stop.m */; };
		A1E8483C1569BAD3007DF636 /* StopTime.m in Sources */ = {isa = PBXBuildFile; fileRef = A1E848351569BAD3007DF636 /* StopTime.m */; };
		A1E8483D1569BAD3007DF636 /* TransitAPIClient.m in Sources */ = {isa = PBXBuildFile; fileRef = A1E848371569BAD3007DF636 /* TransitAPIClient.m */; };
		A1E848521569BC45007DF636 /* BigDepartureTableViewCell.m in Sources */ = {isa = PBXBuildFile; fileRef = A1E848431569BC45007DF636 /* BigDepartureTableViewCell.m */; };
		A1E848531569BC45007DF636 /* CustomCell.m in Sources */ = {isa = PBXBuildFile; fileRef = A1E848451569BC45007DF636 /* CustomCell.m */; };
		A1E848571569BC45007DF636 /* RouteCell.m in Sources */ = {isa = PBXBuildFile; fileRef = A1E8484D1569BC45007DF636 /* RouteCell.m */; };
		A1E848581569BC45007DF636 /* StopAnnotation.m in Sources */ = {isa = PBXBuildFile; fileRef = A1E8484F1569BC45007DF636 /* StopAnnotation.m */; };
		A1E848591569BC45007DF636 /* StopTimeCell.m in Sources */ = {isa = PBXBuildFile; fileRef = A1E848511569BC45007DF636 /* StopTimeCell.m */; };
		A1E848651569BC7F007DF636 /* InfoTableViewController.m in Sources */ = {isa = PBXBuildFile; fileRef = A1E8485C1569BC7F007DF636 /* InfoTableViewController.m */; };
		A1E848661569BC7F007DF636 /* RoutesTableViewController.m in Sources */ = {isa = PBXBuildFile; fileRef = A1E8485E1569BC7F007DF636 /* RoutesTableViewController.m */; };
		A1E848671569BC7F007DF636 /* StopsOnMapViewController.m in Sources */ = {isa = PBXBuildFile; fileRef = A1E848601569BC7F007DF636 /* StopsOnMapViewController.m */; };
		A1E848681569BC7F007DF636 /* StopsTableViewController.m in Sources */ = {isa = PBXBuildFile; fileRef = A1E848621569BC7F007DF636 /* StopsTableViewController.m */; };
		A1E848691569BC7F007DF636 /* StopTimesTableViewController.m in Sources */ = {isa = PBXBuildFile; fileRef = A1E848641569BC7F007DF636 /* StopTimesTableViewController.m */; };
		A1EB2648152151DB00134440 /* CoreLocation.framework in Frameworks */ = {isa = PBXBuildFile; fileRef = A169E4BB102F931800A65E05 /* CoreLocation.framework */; };
		A1EB2649152151E800134440 /* MapKit.framework in Frameworks */ = {isa = PBXBuildFile; fileRef = A1B5C4E910A120F500CD3045 /* MapKit.framework */; };
		A1FD11DB1521682A002D6E20 /* SVSegmentedControl.m in Sources */ = {isa = PBXBuildFile; fileRef = A1FD11D81521682A002D6E20 /* SVSegmentedControl.m */; };
		A1FD11DC1521682A002D6E20 /* SVSegmentedThumb.m in Sources */ = {isa = PBXBuildFile; fileRef = A1FD11DA1521682A002D6E20 /* SVSegmentedThumb.m */; };
/* End PBXBuildFile section */

/* Begin PBXFileReference section */
		1D3623240D0F684500981E51 /* TrainBrainAppDelegate.h */ = {isa = PBXFileReference; fileEncoding = 4; lastKnownFileType = sourcecode.c.h; path = TrainBrainAppDelegate.h; sourceTree = "<group>"; };
		1D3623250D0F684500981E51 /* TrainBrainAppDelegate.m */ = {isa = PBXFileReference; fileEncoding = 4; lastKnownFileType = sourcecode.c.objc; path = TrainBrainAppDelegate.m; sourceTree = "<group>"; };
		28A0AAE50D9B0CCF005BE974 /* TrainBrain_Prefix.pch */ = {isa = PBXFileReference; fileEncoding = 4; lastKnownFileType = sourcecode.c.h; path = TrainBrain_Prefix.pch; sourceTree = "<group>"; };
		29B97316FDCFA39411CA2CEA /* main.m */ = {isa = PBXFileReference; fileEncoding = 4; lastKnownFileType = sourcecode.c.objc; path = main.m; sourceTree = "<group>"; };
		52113EDC1571684F00CD19DE /* UIKit.framework */ = {isa = PBXFileReference; lastKnownFileType = wrapper.framework; name = UIKit.framework; path = System/Library/Frameworks/UIKit.framework; sourceTree = SDKROOT; };
		52113EDE1571685900CD19DE /* CoreText.framework */ = {isa = PBXFileReference; lastKnownFileType = wrapper.framework; name = CoreText.framework; path = System/Library/Frameworks/CoreText.framework; sourceTree = SDKROOT; };
		52113EE01571686A00CD19DE /* QuartzCore.framework */ = {isa = PBXFileReference; lastKnownFileType = wrapper.framework; name = QuartzCore.framework; path = System/Library/Frameworks/QuartzCore.framework; sourceTree = SDKROOT; };
		52113EE21571687900CD19DE /* CoreGraphics.framework */ = {isa = PBXFileReference; lastKnownFileType = wrapper.framework; name = CoreGraphics.framework; path = System/Library/Frameworks/CoreGraphics.framework; sourceTree = SDKROOT; };
		52113EEC157168AC00CD19DE /* Foundation.framework */ = {isa = PBXFileReference; lastKnownFileType = wrapper.framework; name = Foundation.framework; path = System/Library/Frameworks/Foundation.framework; sourceTree = SDKROOT; };
		52113EF61571745900CD19DE /* NSAttributedString+Attributes.h */ = {isa = PBXFileReference; lastKnownFileType = sourcecode.c.h; name = "NSAttributedString+Attributes.h"; path = "OHAttributedLabel/NSAttributedString+Attributes.h"; sourceTree = "<group>"; };
		52113EF71571745900CD19DE /* NSAttributedString+Attributes.m */ = {isa = PBXFileReference; lastKnownFileType = sourcecode.c.objc; name = "NSAttributedString+Attributes.m"; path = "OHAttributedLabel/NSAttributedString+Attributes.m"; sourceTree = "<group>"; };
		52113EF81571745900CD19DE /* OHAttributedLabel.h */ = {isa = PBXFileReference; lastKnownFileType = sourcecode.c.h; name = OHAttributedLabel.h; path = OHAttributedLabel/OHAttributedLabel.h; sourceTree = "<group>"; };
		52113EF91571745900CD19DE /* OHAttributedLabel.m */ = {isa = PBXFileReference; lastKnownFileType = sourcecode.c.objc; name = OHAttributedLabel.m; path = OHAttributedLabel/OHAttributedLabel.m; sourceTree = "<group>"; };
		52169E491631746D0089A4A6 /* GANTracker.h */ = {isa = PBXFileReference; fileEncoding = 4; lastKnownFileType = sourcecode.c.h; name = GANTracker.h; path = Google/GANTracker.h; sourceTree = "<group>"; };
		52169E4A1631746D0089A4A6 /* libGoogleAnalytics.a */ = {isa = PBXFileReference; lastKnownFileType = archive.ar; name = libGoogleAnalytics.a; path = Google/libGoogleAnalytics.a; sourceTree = "<group>"; };
		52169E4D163174F70089A4A6 /* CFNetwork.framework */ = {isa = PBXFileReference; lastKnownFileType = wrapper.framework; name = CFNetwork.framework; path = System/Library/Frameworks/CFNetwork.framework; sourceTree = SDKROOT; };
		52169E4F163175150089A4A6 /* libsqlite3.0.dylib */ = {isa = PBXFileReference; lastKnownFileType = "compiled.mach-o.dylib"; name = libsqlite3.0.dylib; path = usr/lib/libsqlite3.0.dylib; sourceTree = SDKROOT; };
		52AEC5C31602D6EF004C548E /* Default-568h@2x.png */ = {isa = PBXFileReference; lastKnownFileType = image.png; path = "Default-568h@2x.png"; sourceTree = "<group>"; };
		8D1107310486CEB800E47090 /* TrainBrain-Info.plist */ = {isa = PBXFileReference; fileEncoding = 4; lastKnownFileType = text.plist.xml; path = "TrainBrain-Info.plist"; plistStructureDefinitionIdentifier = "com.apple.xcode.plist.structure-definition.iphone.info-plist"; sourceTree = "<group>"; };
		A102D4D615B754A200D56712 /* BasicCell.h */ = {isa = PBXFileReference; fileEncoding = 4; lastKnownFileType = sourcecode.c.h; path = BasicCell.h; sourceTree = "<group>"; };
		A102D4D715B754A200D56712 /* BasicCell.m */ = {isa = PBXFileReference; fileEncoding = 4; lastKnownFileType = sourcecode.c.objc; path = BasicCell.m; sourceTree = "<group>"; };
		A102D4D915B75CDD00D56712 /* tab_selected_left.png */ = {isa = PBXFileReference; lastKnownFileType = image.png; path = tab_selected_left.png; sourceTree = "<group>"; };
		A102D4DA15B75CDD00D56712 /* tab_selected_left@2x.png */ = {isa = PBXFileReference; lastKnownFileType = image.png; path = "tab_selected_left@2x.png"; sourceTree = "<group>"; };
		A11B344B1521472100A948F3 /* TrainBrain.entitlements */ = {isa = PBXFileReference; lastKnownFileType = text.xml; path = TrainBrain.entitlements; sourceTree = "<group>"; };
		A1201226157C4CF300A25DAB /* MessageUI.framework */ = {isa = PBXFileReference; lastKnownFileType = wrapper.framework; name = MessageUI.framework; path = System/Library/Frameworks/MessageUI.framework; sourceTree = SDKROOT; };
		A1271F9515B1F2AD00578BE3 /* UIColor_Categories.h */ = {isa = PBXFileReference; fileEncoding = 4; lastKnownFileType = sourcecode.c.h; name = UIColor_Categories.h; path = Models/UIColor_Categories.h; sourceTree = "<group>"; };
		A1271F9615B1F2AD00578BE3 /* UIColor_Categories.m */ = {isa = PBXFileReference; fileEncoding = 4; lastKnownFileType = sourcecode.c.objc; name = UIColor_Categories.m; path = Models/UIColor_Categories.m; sourceTree = "<group>"; };
		A1271F9A15B235EC00578BE3 /* bg_info_cell.png */ = {isa = PBXFileReference; lastKnownFileType = image.png; path = bg_info_cell.png; sourceTree = "<group>"; };
		A1271F9B15B235EC00578BE3 /* bg_info_cell@2x.png */ = {isa = PBXFileReference; lastKnownFileType = image.png; path = "bg_info_cell@2x.png"; sourceTree = "<group>"; };
		A1271F9E15B2398F00578BE3 /* info_cell_bottom.png */ = {isa = PBXFileReference; lastKnownFileType = image.png; path = info_cell_bottom.png; sourceTree = "<group>"; };
		A1271F9F15B2398F00578BE3 /* info_cell_bottom@2x.png */ = {isa = PBXFileReference; lastKnownFileType = image.png; path = "info_cell_bottom@2x.png"; sourceTree = "<group>"; };
		A1271FA015B2398F00578BE3 /* info_cell_middle.png */ = {isa = PBXFileReference; lastKnownFileType = image.png; path = info_cell_middle.png; sourceTree = "<group>"; };
		A1271FA115B2398F00578BE3 /* info_cell_middle@2x.png */ = {isa = PBXFileReference; lastKnownFileType = image.png; path = "info_cell_middle@2x.png"; sourceTree = "<group>"; };
		A1271FA215B2398F00578BE3 /* info_cell_top.png */ = {isa = PBXFileReference; lastKnownFileType = image.png; path = info_cell_top.png; sourceTree = "<group>"; };
		A1271FA315B2398F00578BE3 /* info_cell_top@2x.png */ = {isa = PBXFileReference; lastKnownFileType = image.png; path = "info_cell_top@2x.png"; sourceTree = "<group>"; };
		A1271FAE15B23C1300578BE3 /* info_cell_single.png */ = {isa = PBXFileReference; lastKnownFileType = image.png; path = info_cell_single.png; sourceTree = "<group>"; };
		A1271FAF15B23C1300578BE3 /* info_cell_single@2x.png */ = {isa = PBXFileReference; lastKnownFileType = image.png; path = "info_cell_single@2x.png"; sourceTree = "<group>"; };
		A14DC56515F98CE200DAF8CB /* icon_info.png */ = {isa = PBXFileReference; lastKnownFileType = image.png; path = icon_info.png; sourceTree = "<group>"; };
		A14DC56615F98CE200DAF8CB /* icon_info@2x.png */ = {isa = PBXFileReference; lastKnownFileType = image.png; path = "icon_info@2x.png"; sourceTree = "<group>"; };
		A169E4BB102F931800A65E05 /* CoreLocation.framework */ = {isa = PBXFileReference; lastKnownFileType = wrapper.framework; name = CoreLocation.framework; path = System/Library/Frameworks/CoreLocation.framework; sourceTree = SDKROOT; };
		A16BA38515685C4C00B8BB55 /* JSON.h */ = {isa = PBXFileReference; fileEncoding = 4; lastKnownFileType = sourcecode.c.h; path = JSON.h; sourceTree = "<group>"; };
		A16BA38615685C4C00B8BB55 /* NSObject+SBJSON.h */ = {isa = PBXFileReference; fileEncoding = 4; lastKnownFileType = sourcecode.c.h; path = "NSObject+SBJSON.h"; sourceTree = "<group>"; };
		A16BA38715685C4C00B8BB55 /* NSObject+SBJSON.m */ = {isa = PBXFileReference; fileEncoding = 4; lastKnownFileType = sourcecode.c.objc; path = "NSObject+SBJSON.m"; sourceTree = "<group>"; };
		A16BA38815685C4C00B8BB55 /* NSString+SBJSON.h */ = {isa = PBXFileReference; fileEncoding = 4; lastKnownFileType = sourcecode.c.h; path = "NSString+SBJSON.h"; sourceTree = "<group>"; };
		A16BA38915685C4C00B8BB55 /* NSString+SBJSON.m */ = {isa = PBXFileReference; fileEncoding = 4; lastKnownFileType = sourcecode.c.objc; path = "NSString+SBJSON.m"; sourceTree = "<group>"; };
		A16BA38A15685C4C00B8BB55 /* SBJSON.h */ = {isa = PBXFileReference; fileEncoding = 4; lastKnownFileType = sourcecode.c.h; path = SBJSON.h; sourceTree = "<group>"; };
		A16BA38B15685C4C00B8BB55 /* SBJSON.m */ = {isa = PBXFileReference; fileEncoding = 4; lastKnownFileType = sourcecode.c.objc; path = SBJSON.m; sourceTree = "<group>"; };
		A16BA38C15685C4C00B8BB55 /* SBJsonBase.h */ = {isa = PBXFileReference; fileEncoding = 4; lastKnownFileType = sourcecode.c.h; path = SBJsonBase.h; sourceTree = "<group>"; };
		A16BA38D15685C4C00B8BB55 /* SBJsonBase.m */ = {isa = PBXFileReference; fileEncoding = 4; lastKnownFileType = sourcecode.c.objc; path = SBJsonBase.m; sourceTree = "<group>"; };
		A16BA38E15685C4C00B8BB55 /* SBJsonParser.h */ = {isa = PBXFileReference; fileEncoding = 4; lastKnownFileType = sourcecode.c.h; path = SBJsonParser.h; sourceTree = "<group>"; };
		A16BA38F15685C4C00B8BB55 /* SBJsonParser.m */ = {isa = PBXFileReference; fileEncoding = 4; lastKnownFileType = sourcecode.c.objc; path = SBJsonParser.m; sourceTree = "<group>"; };
		A16BA39015685C4C00B8BB55 /* SBJsonWriter.h */ = {isa = PBXFileReference; fileEncoding = 4; lastKnownFileType = sourcecode.c.h; path = SBJsonWriter.h; sourceTree = "<group>"; };
		A16BA39115685C4C00B8BB55 /* SBJsonWriter.m */ = {isa = PBXFileReference; fileEncoding = 4; lastKnownFileType = sourcecode.c.objc; path = SBJsonWriter.m; sourceTree = "<group>"; };
		A16E23BC156C4ACC008B4A3F /* btn_routes_norm.png */ = {isa = PBXFileReference; lastKnownFileType = image.png; path = btn_routes_norm.png; sourceTree = "<group>"; };
		A16E23BD156C4ACC008B4A3F /* btn_routes_norm@2x.png */ = {isa = PBXFileReference; lastKnownFileType = image.png; path = "btn_routes_norm@2x.png"; sourceTree = "<group>"; };
		A16E23C0156C6D2F008B4A3F /* InfoDetailViewController.h */ = {isa = PBXFileReference; fileEncoding = 4; lastKnownFileType = sourcecode.c.h; path = InfoDetailViewController.h; sourceTree = "<group>"; };
		A16E23C1156C6D2F008B4A3F /* InfoDetailViewController.m */ = {isa = PBXFileReference; fileEncoding = 4; lastKnownFileType = sourcecode.c.objc; path = InfoDetailViewController.m; sourceTree = "<group>"; };
		A16E23C3156C6EAE008B4A3F /* Info.h */ = {isa = PBXFileReference; fileEncoding = 4; lastKnownFileType = sourcecode.c.h; path = Info.h; sourceTree = "<group>"; };
		A16E23C4156C6EAE008B4A3F /* Info.m */ = {isa = PBXFileReference; fileEncoding = 4; lastKnownFileType = sourcecode.c.objc; path = Info.m; sourceTree = "<group>"; };
		A1789C1C12CA7FB000361D22 /* TrainBrain.app */ = {isa = PBXFileReference; explicitFileType = wrapper.application; includeInIndex = 0; path = TrainBrain.app; sourceTree = BUILT_PRODUCTS_DIR; };
		A17A04B8157F943F0021996F /* btn_map_norm.png */ = {isa = PBXFileReference; lastKnownFileType = image.png; path = btn_map_norm.png; sourceTree = "<group>"; };
		A17A04B9157F943F0021996F /* btn_map_norm@2x.png */ = {isa = PBXFileReference; lastKnownFileType = image.png; path = "btn_map_norm@2x.png"; sourceTree = "<group>"; };
		A17C7B8115805DA100CBBC1F /* nav_info_down.png */ = {isa = PBXFileReference; lastKnownFileType = image.png; path = nav_info_down.png; sourceTree = "<group>"; };
		A17C7B8215805DA100CBBC1F /* nav_info_down@2x.png */ = {isa = PBXFileReference; lastKnownFileType = image.png; path = "nav_info_down@2x.png"; sourceTree = "<group>"; };
		A19E6D4715B638D900033B1D /* nav_info_norm.png */ = {isa = PBXFileReference; lastKnownFileType = image.png; path = nav_info_norm.png; sourceTree = "<group>"; };
		A19E6D4815B638D900033B1D /* nav_info_norm@2X.png */ = {isa = PBXFileReference; lastKnownFileType = image.png; path = "nav_info_norm@2X.png"; sourceTree = "<group>"; };
		A1A796C41569D4E2006ACAAD /* MainWindow.xib */ = {isa = PBXFileReference; fileEncoding = 4; lastKnownFileType = file.xib; path = MainWindow.xib; sourceTree = "<group>"; };
		A1ADA56A156FCFC100360C9D /* btn.png */ = {isa = PBXFileReference; lastKnownFileType = image.png; path = btn.png; sourceTree = "<group>"; };
		A1ADA56B156FCFC100360C9D /* btn@2x.png */ = {isa = PBXFileReference; lastKnownFileType = image.png; path = "btn@2x.png"; sourceTree = "<group>"; };
		A1B56E2C10F968BF00294BEC /* MBProgressHUD.h */ = {isa = PBXFileReference; fileEncoding = 4; lastKnownFileType = sourcecode.c.h; path = MBProgressHUD.h; sourceTree = "<group>"; };
		A1B56E2D10F968BF00294BEC /* MBProgressHUD.m */ = {isa = PBXFileReference; fileEncoding = 4; lastKnownFileType = sourcecode.c.objc; path = MBProgressHUD.m; sourceTree = "<group>"; };
		A1B5C4E910A120F500CD3045 /* MapKit.framework */ = {isa = PBXFileReference; lastKnownFileType = wrapper.framework; name = MapKit.framework; path = System/Library/Frameworks/MapKit.framework; sourceTree = SDKROOT; };
		A1B7645E158011C2007AFE54 /* bg_tabswitcher.png */ = {isa = PBXFileReference; lastKnownFileType = image.png; path = bg_tabswitcher.png; sourceTree = "<group>"; };
		A1B7645F158011C2007AFE54 /* bg_tabswitcher@2x.png */ = {isa = PBXFileReference; lastKnownFileType = image.png; path = "bg_tabswitcher@2x.png"; sourceTree = "<group>"; };
		A1B7646B15804FDD007AFE54 /* nav_departures_down@2x.png */ = {isa = PBXFileReference; lastKnownFileType = image.png; path = "nav_departures_down@2x.png"; sourceTree = "<group>"; };
		A1B7646C15804FDD007AFE54 /* nav_departures_norm.png */ = {isa = PBXFileReference; lastKnownFileType = image.png; path = nav_departures_norm.png; sourceTree = "<group>"; };
		A1B7646F15804FEC007AFE54 /* nav_departures_down.png */ = {isa = PBXFileReference; lastKnownFileType = image.png; path = nav_departures_down.png; sourceTree = "<group>"; };
		A1B7647015804FEC007AFE54 /* nav_departures_norm@2x.png */ = {isa = PBXFileReference; lastKnownFileType = image.png; path = "nav_departures_norm@2x.png"; sourceTree = "<group>"; };
		A1C259B614F7FC77003215E6 /* user_data.plist */ = {isa = PBXFileReference; fileEncoding = 4; lastKnownFileType = text.plist.xml; path = user_data.plist; sourceTree = "<group>"; };
		A1C3D46D156C8FC8007212F5 /* EGORefreshTableHeaderView.h */ = {isa = PBXFileReference; fileEncoding = 4; lastKnownFileType = sourcecode.c.h; path = EGORefreshTableHeaderView.h; sourceTree = "<group>"; };
		A1C3D46E156C8FC8007212F5 /* EGORefreshTableHeaderView.m */ = {isa = PBXFileReference; fileEncoding = 4; lastKnownFileType = sourcecode.c.objc; path = EGORefreshTableHeaderView.m; sourceTree = "<group>"; };
		A1C3D470156C8FC8007212F5 /* blackArrow.png */ = {isa = PBXFileReference; lastKnownFileType = image.png; path = blackArrow.png; sourceTree = "<group>"; };
		A1C3D471156C8FC8007212F5 /* blackArrow@2x.png */ = {isa = PBXFileReference; lastKnownFileType = image.png; path = "blackArrow@2x.png"; sourceTree = "<group>"; };
		A1C3D472156C8FC8007212F5 /* blueArrow.png */ = {isa = PBXFileReference; lastKnownFileType = image.png; path = blueArrow.png; sourceTree = "<group>"; };
		A1C3D473156C8FC8007212F5 /* blueArrow@2x.png */ = {isa = PBXFileReference; lastKnownFileType = image.png; path = "blueArrow@2x.png"; sourceTree = "<group>"; };
		A1C3D474156C8FC8007212F5 /* grayArrow.png */ = {isa = PBXFileReference; lastKnownFileType = image.png; path = grayArrow.png; sourceTree = "<group>"; };
		A1C3D475156C8FC8007212F5 /* grayArrow@2x.png */ = {isa = PBXFileReference; lastKnownFileType = image.png; path = "grayArrow@2x.png"; sourceTree = "<group>"; };
		A1C3D476156C8FC8007212F5 /* whiteArrow.png */ = {isa = PBXFileReference; lastKnownFileType = image.png; path = whiteArrow.png; sourceTree = "<group>"; };
		A1C3D477156C8FC8007212F5 /* whiteArrow@2x.png */ = {isa = PBXFileReference; lastKnownFileType = image.png; path = "whiteArrow@2x.png"; sourceTree = "<group>"; };
		A1DD5C84152DD89F00C1A88A /* NSString+BeetleFight.h */ = {isa = PBXFileReference; fileEncoding = 4; lastKnownFileType = sourcecode.c.h; path = "NSString+BeetleFight.h"; sourceTree = "<group>"; };
		A1DD5C85152DD89F00C1A88A /* NSString+BeetleFight.m */ = {isa = PBXFileReference; fileEncoding = 4; lastKnownFileType = sourcecode.c.objc; path = "NSString+BeetleFight.m"; sourceTree = "<group>"; };
		A1DE8E3C1568597100EE3BE0 /* 11-clock.png */ = {isa = PBXFileReference; lastKnownFileType = image.png; path = "11-clock.png"; sourceTree = "<group>"; };
		A1DE8E3D1568597100EE3BE0 /* 11-clock@2x.png */ = {isa = PBXFileReference; lastKnownFileType = image.png; path = "11-clock@2x.png"; sourceTree = "<group>"; };
		A1DE8E3E1568597100EE3BE0 /* 72-pin.png */ = {isa = PBXFileReference; lastKnownFileType = image.png; path = "72-pin.png"; sourceTree = "<group>"; };
		A1DE8E3F1568597100EE3BE0 /* 72-pin@2x.png */ = {isa = PBXFileReference; lastKnownFileType = image.png; path = "72-pin@2x.png"; sourceTree = "<group>"; };
		A1DE8E401568597100EE3BE0 /* 90-lifebuoy.png */ = {isa = PBXFileReference; lastKnownFileType = image.png; path = "90-lifebuoy.png"; sourceTree = "<group>"; };
		A1DE8E411568597100EE3BE0 /* 90-lifebuoy@2x.png */ = {isa = PBXFileReference; lastKnownFileType = image.png; path = "90-lifebuoy@2x.png"; sourceTree = "<group>"; };
		A1DE8E421568597100EE3BE0 /* arrow_cell.png */ = {isa = PBXFileReference; lastKnownFileType = image.png; path = arrow_cell.png; sourceTree = "<group>"; };
		A1DE8E431568597100EE3BE0 /* arrow_cell@2x.png */ = {isa = PBXFileReference; lastKnownFileType = image.png; path = "arrow_cell@2x.png"; sourceTree = "<group>"; };
		A1DE8E441568597100EE3BE0 /* arrow_lg.png */ = {isa = PBXFileReference; lastKnownFileType = image.png; path = arrow_lg.png; sourceTree = "<group>"; };
		A1DE8E451568597100EE3BE0 /* arrow_lg@2x.png */ = {isa = PBXFileReference; lastKnownFileType = image.png; path = "arrow_lg@2x.png"; sourceTree = "<group>"; };
		A1DE8E461568597100EE3BE0 /* background_texture.png */ = {isa = PBXFileReference; lastKnownFileType = image.png; path = background_texture.png; sourceTree = "<group>"; };
		A1DE8E471568597100EE3BE0 /* background_texture@2x.png */ = {isa = PBXFileReference; lastKnownFileType = image.png; path = "background_texture@2x.png"; sourceTree = "<group>"; };
		A1DE8E481568597100EE3BE0 /* bg_app.png */ = {isa = PBXFileReference; lastKnownFileType = image.png; path = bg_app.png; sourceTree = "<group>"; };
		A1DE8E491568597100EE3BE0 /* bg_app@2x.png */ = {isa = PBXFileReference; lastKnownFileType = image.png; path = "bg_app@2x.png"; sourceTree = "<group>"; };
		A1DE8E4A1568597100EE3BE0 /* bg_cell.png */ = {isa = PBXFileReference; lastKnownFileType = image.png; path = bg_cell.png; sourceTree = "<group>"; };
		A1DE8E4B1568597100EE3BE0 /* bg_cell@2x.png */ = {isa = PBXFileReference; lastKnownFileType = image.png; path = "bg_cell@2x.png"; sourceTree = "<group>"; };
		A1DE8E4C1568597100EE3BE0 /* bg_header.png */ = {isa = PBXFileReference; lastKnownFileType = image.png; path = bg_header.png; sourceTree = "<group>"; };
		A1DE8E4D1568597100EE3BE0 /* bg_header@2x.png */ = {isa = PBXFileReference; lastKnownFileType = image.png; path = "bg_header@2x.png"; sourceTree = "<group>"; };
		A1DE8E4E1568597100EE3BE0 /* bg_timer.png */ = {isa = PBXFileReference; lastKnownFileType = image.png; path = bg_timer.png; sourceTree = "<group>"; };
		A1DE8E4F1568597100EE3BE0 /* bg_timer@2x.png */ = {isa = PBXFileReference; lastKnownFileType = image.png; path = "bg_timer@2x.png"; sourceTree = "<group>"; };
		A1DE8E501568597100EE3BE0 /* clock.png */ = {isa = PBXFileReference; lastKnownFileType = image.png; path = clock.png; sourceTree = "<group>"; };
		A1DE8E511568597100EE3BE0 /* clock@2x.png */ = {isa = PBXFileReference; lastKnownFileType = image.png; path = "clock@2x.png"; sourceTree = "<group>"; };
		A1DE8E521568597100EE3BE0 /* Default.png */ = {isa = PBXFileReference; lastKnownFileType = image.png; path = Default.png; sourceTree = "<group>"; };
		A1DE8E531568597100EE3BE0 /* Default@2x.png */ = {isa = PBXFileReference; lastKnownFileType = image.png; path = "Default@2x.png"; sourceTree = "<group>"; };
		A1DE8E541568597100EE3BE0 /* exclamation.png */ = {isa = PBXFileReference; lastKnownFileType = image.png; path = exclamation.png; sourceTree = "<group>"; };
		A1DE8E551568597100EE3BE0 /* exclamation@2x.png */ = {isa = PBXFileReference; lastKnownFileType = image.png; path = "exclamation@2x.png"; sourceTree = "<group>"; };
		A1DE8E561568597100EE3BE0 /* header_bar_default.png */ = {isa = PBXFileReference; lastKnownFileType = image.png; path = header_bar_default.png; sourceTree = "<group>"; };
		A1DE8E571568597100EE3BE0 /* header_bar_default@2x.png */ = {isa = PBXFileReference; lastKnownFileType = image.png; path = "header_bar_default@2x.png"; sourceTree = "<group>"; };
		A1DE8E581568597100EE3BE0 /* header_shadow.png */ = {isa = PBXFileReference; lastKnownFileType = image.png; path = header_shadow.png; sourceTree = "<group>"; };
		A1DE8E591568597100EE3BE0 /* header_shadow@2x.png */ = {isa = PBXFileReference; lastKnownFileType = image.png; path = "header_shadow@2x.png"; sourceTree = "<group>"; };
		A1DE8E5A1568597100EE3BE0 /* hiaw_map_pin.png */ = {isa = PBXFileReference; lastKnownFileType = image.png; path = hiaw_map_pin.png; sourceTree = "<group>"; };
		A1DE8E5B1568597100EE3BE0 /* hiaw_map_pin@2x.png */ = {isa = PBXFileReference; lastKnownFileType = image.png; path = "hiaw_map_pin@2x.png"; sourceTree = "<group>"; };
		A1DE8E5C1568597100EE3BE0 /* Icon-72.png */ = {isa = PBXFileReference; lastKnownFileType = image.png; path = "Icon-72.png"; sourceTree = "<group>"; };
		A1DE8E5D1568597100EE3BE0 /* Icon-Small.png */ = {isa = PBXFileReference; lastKnownFileType = image.png; path = "Icon-Small.png"; sourceTree = "<group>"; };
		A1DE8E5E1568597100EE3BE0 /* Icon.png */ = {isa = PBXFileReference; lastKnownFileType = image.png; path = Icon.png; sourceTree = "<group>"; };
		A1DE8E5F1568597100EE3BE0 /* Icon@2x.png */ = {isa = PBXFileReference; lastKnownFileType = image.png; path = "Icon@2x.png"; sourceTree = "<group>"; };
		A1DE8E601568597100EE3BE0 /* icon_arrow.png */ = {isa = PBXFileReference; lastKnownFileType = image.png; path = icon_arrow.png; sourceTree = "<group>"; };
		A1DE8E611568597100EE3BE0 /* icon_arrow@2x.png */ = {isa = PBXFileReference; lastKnownFileType = image.png; path = "icon_arrow@2x.png"; sourceTree = "<group>"; };
		A1DE8E621568597100EE3BE0 /* icon_clock.png */ = {isa = PBXFileReference; lastKnownFileType = image.png; path = icon_clock.png; sourceTree = "<group>"; };
		A1DE8E631568597100EE3BE0 /* icon_clock@2x.png */ = {isa = PBXFileReference; lastKnownFileType = image.png; path = "icon_clock@2x.png"; sourceTree = "<group>"; };
		A1DE8E641568597100EE3BE0 /* icon_hiawatha.png */ = {isa = PBXFileReference; lastKnownFileType = image.png; path = icon_hiawatha.png; sourceTree = "<group>"; };
		A1DE8E651568597100EE3BE0 /* icon_hiawatha@2x.png */ = {isa = PBXFileReference; lastKnownFileType = image.png; path = "icon_hiawatha@2x.png"; sourceTree = "<group>"; };
		A1DE8E661568597100EE3BE0 /* icon_news.png */ = {isa = PBXFileReference; lastKnownFileType = image.png; path = icon_news.png; sourceTree = "<group>"; };
		A1DE8E671568597100EE3BE0 /* icon_news@2x.png */ = {isa = PBXFileReference; lastKnownFileType = image.png; path = "icon_news@2x.png"; sourceTree = "<group>"; };
		A1DE8E681568597100EE3BE0 /* icon_northstar.png */ = {isa = PBXFileReference; lastKnownFileType = image.png; path = icon_northstar.png; sourceTree = "<group>"; };
		A1DE8E691568597100EE3BE0 /* icon_northstar@2x.png */ = {isa = PBXFileReference; lastKnownFileType = image.png; path = "icon_northstar@2x.png"; sourceTree = "<group>"; };
		A1DE8E6A1568597100EE3BE0 /* nstr_map_pin.png */ = {isa = PBXFileReference; lastKnownFileType = image.png; path = nstr_map_pin.png; sourceTree = "<group>"; };
		A1DE8E6B1568597100EE3BE0 /* nstr_map_pin@2x.png */ = {isa = PBXFileReference; lastKnownFileType = image.png; path = "nstr_map_pin@2x.png"; sourceTree = "<group>"; };
		A1DE8E9D156859CC00EE3BE0 /* AFHTTPClient.h */ = {isa = PBXFileReference; fileEncoding = 4; lastKnownFileType = sourcecode.c.h; path = AFHTTPClient.h; sourceTree = "<group>"; };
		A1DE8E9E156859CC00EE3BE0 /* AFHTTPClient.m */ = {isa = PBXFileReference; fileEncoding = 4; lastKnownFileType = sourcecode.c.objc; path = AFHTTPClient.m; sourceTree = "<group>"; };
		A1DE8E9F156859CC00EE3BE0 /* AFHTTPRequestOperation.h */ = {isa = PBXFileReference; fileEncoding = 4; lastKnownFileType = sourcecode.c.h; path = AFHTTPRequestOperation.h; sourceTree = "<group>"; };
		A1DE8EA0156859CC00EE3BE0 /* AFHTTPRequestOperation.m */ = {isa = PBXFileReference; fileEncoding = 4; lastKnownFileType = sourcecode.c.objc; path = AFHTTPRequestOperation.m; sourceTree = "<group>"; };
		A1DE8EA1156859CC00EE3BE0 /* AFImageRequestOperation.h */ = {isa = PBXFileReference; fileEncoding = 4; lastKnownFileType = sourcecode.c.h; path = AFImageRequestOperation.h; sourceTree = "<group>"; };
		A1DE8EA2156859CC00EE3BE0 /* AFImageRequestOperation.m */ = {isa = PBXFileReference; fileEncoding = 4; lastKnownFileType = sourcecode.c.objc; path = AFImageRequestOperation.m; sourceTree = "<group>"; };
		A1DE8EA3156859CC00EE3BE0 /* AFJSONRequestOperation.h */ = {isa = PBXFileReference; fileEncoding = 4; lastKnownFileType = sourcecode.c.h; path = AFJSONRequestOperation.h; sourceTree = "<group>"; };
		A1DE8EA4156859CC00EE3BE0 /* AFJSONRequestOperation.m */ = {isa = PBXFileReference; fileEncoding = 4; lastKnownFileType = sourcecode.c.objc; path = AFJSONRequestOperation.m; sourceTree = "<group>"; };
		A1DE8EA5156859CC00EE3BE0 /* AFJSONUtilities.h */ = {isa = PBXFileReference; fileEncoding = 4; lastKnownFileType = sourcecode.c.h; path = AFJSONUtilities.h; sourceTree = "<group>"; };
		A1DE8EA6156859CC00EE3BE0 /* AFJSONUtilities.m */ = {isa = PBXFileReference; fileEncoding = 4; lastKnownFileType = sourcecode.c.objc; path = AFJSONUtilities.m; sourceTree = "<group>"; };
		A1DE8EA7156859CC00EE3BE0 /* AFNetworkActivityIndicatorManager.h */ = {isa = PBXFileReference; fileEncoding = 4; lastKnownFileType = sourcecode.c.h; path = AFNetworkActivityIndicatorManager.h; sourceTree = "<group>"; };
		A1DE8EA8156859CC00EE3BE0 /* AFNetworkActivityIndicatorManager.m */ = {isa = PBXFileReference; fileEncoding = 4; lastKnownFileType = sourcecode.c.objc; path = AFNetworkActivityIndicatorManager.m; sourceTree = "<group>"; };
		A1DE8EA9156859CC00EE3BE0 /* AFNetworking.h */ = {isa = PBXFileReference; fileEncoding = 4; lastKnownFileType = sourcecode.c.h; path = AFNetworking.h; sourceTree = "<group>"; };
		A1DE8EAA156859CC00EE3BE0 /* AFPropertyListRequestOperation.h */ = {isa = PBXFileReference; fileEncoding = 4; lastKnownFileType = sourcecode.c.h; path = AFPropertyListRequestOperation.h; sourceTree = "<group>"; };
		A1DE8EAB156859CC00EE3BE0 /* AFPropertyListRequestOperation.m */ = {isa = PBXFileReference; fileEncoding = 4; lastKnownFileType = sourcecode.c.objc; path = AFPropertyListRequestOperation.m; sourceTree = "<group>"; };
		A1DE8EAC156859CC00EE3BE0 /* AFURLConnectionOperation.h */ = {isa = PBXFileReference; fileEncoding = 4; lastKnownFileType = sourcecode.c.h; path = AFURLConnectionOperation.h; sourceTree = "<group>"; };
		A1DE8EAD156859CC00EE3BE0 /* AFURLConnectionOperation.m */ = {isa = PBXFileReference; fileEncoding = 4; lastKnownFileType = sourcecode.c.objc; path = AFURLConnectionOperation.m; sourceTree = "<group>"; };
		A1DE8EAE156859CC00EE3BE0 /* AFXMLRequestOperation.h */ = {isa = PBXFileReference; fileEncoding = 4; lastKnownFileType = sourcecode.c.h; path = AFXMLRequestOperation.h; sourceTree = "<group>"; };
		A1DE8EAF156859CC00EE3BE0 /* AFXMLRequestOperation.m */ = {isa = PBXFileReference; fileEncoding = 4; lastKnownFileType = sourcecode.c.objc; path = AFXMLRequestOperation.m; sourceTree = "<group>"; };
		A1DE8EB0156859CC00EE3BE0 /* UIImageView+AFNetworking.h */ = {isa = PBXFileReference; fileEncoding = 4; lastKnownFileType = sourcecode.c.h; path = "UIImageView+AFNetworking.h"; sourceTree = "<group>"; };
		A1DE8EB1156859CC00EE3BE0 /* UIImageView+AFNetworking.m */ = {isa = PBXFileReference; fileEncoding = 4; lastKnownFileType = sourcecode.c.objc; path = "UIImageView+AFNetworking.m"; sourceTree = "<group>"; };
		A1E8482C1569BAD3007DF636 /* FunnyPhrase.h */ = {isa = PBXFileReference; fileEncoding = 4; lastKnownFileType = sourcecode.c.h; path = FunnyPhrase.h; sourceTree = "<group>"; };
		A1E8482D1569BAD3007DF636 /* FunnyPhrase.m */ = {isa = PBXFileReference; fileEncoding = 4; lastKnownFileType = sourcecode.c.objc; path = FunnyPhrase.m; sourceTree = "<group>"; };
		A1E8482E1569BAD3007DF636 /* Headsign.h */ = {isa = PBXFileReference; fileEncoding = 4; lastKnownFileType = sourcecode.c.h; path = Headsign.h; sourceTree = "<group>"; };
		A1E8482F1569BAD3007DF636 /* Headsign.m */ = {isa = PBXFileReference; fileEncoding = 4; lastKnownFileType = sourcecode.c.objc; path = Headsign.m; sourceTree = "<group>"; };
		A1E848301569BAD3007DF636 /* Route.h */ = {isa = PBXFileReference; fileEncoding = 4; lastKnownFileType = sourcecode.c.h; path = Route.h; sourceTree = "<group>"; };
		A1E848311569BAD3007DF636 /* Route.m */ = {isa = PBXFileReference; fileEncoding = 4; lastKnownFileType = sourcecode.c.objc; path = Route.m; sourceTree = "<group>"; };
		A1E848321569BAD3007DF636 /* Stop.h */ = {isa = PBXFileReference; fileEncoding = 4; lastKnownFileType = sourcecode.c.h; path = Stop.h; sourceTree = "<group>"; };
		A1E848331569BAD3007DF636 /* Stop.m */ = {isa = PBXFileReference; fileEncoding = 4; lastKnownFileType = sourcecode.c.objc; path = Stop.m; sourceTree = "<group>"; };
		A1E848341569BAD3007DF636 /* StopTime.h */ = {isa = PBXFileReference; fileEncoding = 4; lastKnownFileType = sourcecode.c.h; path = StopTime.h; sourceTree = "<group>"; };
		A1E848351569BAD3007DF636 /* StopTime.m */ = {isa = PBXFileReference; fileEncoding = 4; lastKnownFileType = sourcecode.c.objc; path = StopTime.m; sourceTree = "<group>"; };
		A1E848361569BAD3007DF636 /* TransitAPIClient.h */ = {isa = PBXFileReference; fileEncoding = 4; lastKnownFileType = sourcecode.c.h; path = TransitAPIClient.h; sourceTree = "<group>"; };
		A1E848371569BAD3007DF636 /* TransitAPIClient.m */ = {isa = PBXFileReference; fileEncoding = 4; lastKnownFileType = sourcecode.c.objc; path = TransitAPIClient.m; sourceTree = "<group>"; };
		A1E848421569BC45007DF636 /* BigDepartureTableViewCell.h */ = {isa = PBXFileReference; fileEncoding = 4; lastKnownFileType = sourcecode.c.h; path = BigDepartureTableViewCell.h; sourceTree = "<group>"; };
		A1E848431569BC45007DF636 /* BigDepartureTableViewCell.m */ = {isa = PBXFileReference; fileEncoding = 4; lastKnownFileType = sourcecode.c.objc; path = BigDepartureTableViewCell.m; sourceTree = "<group>"; };
		A1E848441569BC45007DF636 /* CustomCell.h */ = {isa = PBXFileReference; fileEncoding = 4; lastKnownFileType = sourcecode.c.h; path = CustomCell.h; sourceTree = "<group>"; };
		A1E848451569BC45007DF636 /* CustomCell.m */ = {isa = PBXFileReference; fileEncoding = 4; lastKnownFileType = sourcecode.c.objc; path = CustomCell.m; sourceTree = "<group>"; };
		A1E8484C1569BC45007DF636 /* RouteCell.h */ = {isa = PBXFileReference; fileEncoding = 4; lastKnownFileType = sourcecode.c.h; path = RouteCell.h; sourceTree = "<group>"; };
		A1E8484D1569BC45007DF636 /* RouteCell.m */ = {isa = PBXFileReference; fileEncoding = 4; lastKnownFileType = sourcecode.c.objc; path = RouteCell.m; sourceTree = "<group>"; };
		A1E8484E1569BC45007DF636 /* StopAnnotation.h */ = {isa = PBXFileReference; fileEncoding = 4; lastKnownFileType = sourcecode.c.h; path = StopAnnotation.h; sourceTree = "<group>"; };
		A1E8484F1569BC45007DF636 /* StopAnnotation.m */ = {isa = PBXFileReference; fileEncoding = 4; lastKnownFileType = sourcecode.c.objc; path = StopAnnotation.m; sourceTree = "<group>"; };
		A1E848501569BC45007DF636 /* StopTimeCell.h */ = {isa = PBXFileReference; fileEncoding = 4; lastKnownFileType = sourcecode.c.h; path = StopTimeCell.h; sourceTree = "<group>"; };
		A1E848511569BC45007DF636 /* StopTimeCell.m */ = {isa = PBXFileReference; fileEncoding = 4; lastKnownFileType = sourcecode.c.objc; path = StopTimeCell.m; sourceTree = "<group>"; };
		A1E8485B1569BC7F007DF636 /* InfoTableViewController.h */ = {isa = PBXFileReference; fileEncoding = 4; lastKnownFileType = sourcecode.c.h; path = InfoTableViewController.h; sourceTree = "<group>"; };
		A1E8485C1569BC7F007DF636 /* InfoTableViewController.m */ = {isa = PBXFileReference; fileEncoding = 4; lastKnownFileType = sourcecode.c.objc; path = InfoTableViewController.m; sourceTree = "<group>"; };
		A1E8485D1569BC7F007DF636 /* RoutesTableViewController.h */ = {isa = PBXFileReference; fileEncoding = 4; lastKnownFileType = sourcecode.c.h; path = RoutesTableViewController.h; sourceTree = "<group>"; };
		A1E8485E1569BC7F007DF636 /* RoutesTableViewController.m */ = {isa = PBXFileReference; fileEncoding = 4; lastKnownFileType = sourcecode.c.objc; path = RoutesTableViewController.m; sourceTree = "<group>"; };
		A1E8485F1569BC7F007DF636 /* StopsOnMapViewController.h */ = {isa = PBXFileReference; fileEncoding = 4; lastKnownFileType = sourcecode.c.h; path = StopsOnMapViewController.h; sourceTree = "<group>"; };
		A1E848601569BC7F007DF636 /* StopsOnMapViewController.m */ = {isa = PBXFileReference; fileEncoding = 4; lastKnownFileType = sourcecode.c.objc; path = StopsOnMapViewController.m; sourceTree = "<group>"; };
		A1E848611569BC7F007DF636 /* StopsTableViewController.h */ = {isa = PBXFileReference; fileEncoding = 4; lastKnownFileType = sourcecode.c.h; path = StopsTableViewController.h; sourceTree = "<group>"; };
		A1E848621569BC7F007DF636 /* StopsTableViewController.m */ = {isa = PBXFileReference; fileEncoding = 4; lastKnownFileType = sourcecode.c.objc; path = StopsTableViewController.m; sourceTree = "<group>"; };
		A1E848631569BC7F007DF636 /* StopTimesTableViewController.h */ = {isa = PBXFileReference; fileEncoding = 4; lastKnownFileType = sourcecode.c.h; path = StopTimesTableViewController.h; sourceTree = "<group>"; };
		A1E848641569BC7F007DF636 /* StopTimesTableViewController.m */ = {isa = PBXFileReference; fileEncoding = 4; lastKnownFileType = sourcecode.c.objc; path = StopTimesTableViewController.m; sourceTree = "<group>"; };
		A1FD11D71521682A002D6E20 /* SVSegmentedControl.h */ = {isa = PBXFileReference; fileEncoding = 4; lastKnownFileType = sourcecode.c.h; path = SVSegmentedControl.h; sourceTree = "<group>"; };
		A1FD11D81521682A002D6E20 /* SVSegmentedControl.m */ = {isa = PBXFileReference; fileEncoding = 4; lastKnownFileType = sourcecode.c.objc; path = SVSegmentedControl.m; sourceTree = "<group>"; };
		A1FD11D91521682A002D6E20 /* SVSegmentedThumb.h */ = {isa = PBXFileReference; fileEncoding = 4; lastKnownFileType = sourcecode.c.h; path = SVSegmentedThumb.h; sourceTree = "<group>"; };
		A1FD11DA1521682A002D6E20 /* SVSegmentedThumb.m */ = {isa = PBXFileReference; fileEncoding = 4; lastKnownFileType = sourcecode.c.objc; path = SVSegmentedThumb.m; sourceTree = "<group>"; };
/* End PBXFileReference section */

/* Begin PBXFrameworksBuildPhase section */
		1D60588F0D05DD3D006BFB54 /* Frameworks */ = {
			isa = PBXFrameworksBuildPhase;
			buildActionMask = 2147483647;
			files = (
				52169E50163175150089A4A6 /* libsqlite3.0.dylib in Frameworks */,
				52169E4E163174F70089A4A6 /* CFNetwork.framework in Frameworks */,
				52113EDF1571685900CD19DE /* CoreText.framework in Frameworks */,
				52113EE31571687900CD19DE /* CoreGraphics.framework in Frameworks */,
				A1201227157C4CF300A25DAB /* MessageUI.framework in Frameworks */,
				A1EB2648152151DB00134440 /* CoreLocation.framework in Frameworks */,
				52113EED157168AC00CD19DE /* Foundation.framework in Frameworks */,
				A1EB2649152151E800134440 /* MapKit.framework in Frameworks */,
				52113EE11571686A00CD19DE /* QuartzCore.framework in Frameworks */,
				52113EDD1571684F00CD19DE /* UIKit.framework in Frameworks */,
				52169E4B1631746D0089A4A6 /* libGoogleAnalytics.a in Frameworks */,
			);
			runOnlyForDeploymentPostprocessing = 0;
		};
/* End PBXFrameworksBuildPhase section */

/* Begin PBXGroup section */
		080E96DDFE201D6D7F000001 /* Classes */ = {
			isa = PBXGroup;
			children = (
				52583618163173F200D2CEE8 /* 3rdParty */,
				A1E8485A1569BC7F007DF636 /* Controllers */,
				A1E848411569BC45007DF636 /* Views */,
				A1DD5C83152DD86800C1A88A /* Categories */,
				A1E8482B1569BAD3007DF636 /* Models */,
				1D3623250D0F684500981E51 /* TrainBrainAppDelegate.m */,
				1D3623240D0F684500981E51 /* TrainBrainAppDelegate.h */,
			);
			path = Classes;
			sourceTree = "<group>";
		};
		19C28FACFE9D520D11CA2CBB /* Products */ = {
			isa = PBXGroup;
			children = (
				A1789C1C12CA7FB000361D22 /* TrainBrain.app */,
			);
			name = Products;
			sourceTree = "<group>";
		};
		29B97314FDCFA39411CA2CEA /* CustomTemplate */ = {
			isa = PBXGroup;
			children = (
				52AEC5C31602D6EF004C548E /* Default-568h@2x.png */,
				A1A796C41569D4E2006ACAAD /* MainWindow.xib */,
				A11B344B1521472100A948F3 /* TrainBrain.entitlements */,
				8D1107310486CEB800E47090 /* TrainBrain-Info.plist */,
				A1C259B614F7FC77003215E6 /* user_data.plist */,
				080E96DDFE201D6D7F000001 /* Classes */,
				29B97315FDCFA39411CA2CEA /* Other Sources */,
				29B97323FDCFA39411CA2CEA /* Frameworks */,
				A1DE8E3B1568597100EE3BE0 /* Assets */,
				19C28FACFE9D520D11CA2CBB /* Products */,
			);
			name = CustomTemplate;
			sourceTree = "<group>";
		};
		29B97315FDCFA39411CA2CEA /* Other Sources */ = {
			isa = PBXGroup;
			children = (
				28A0AAE50D9B0CCF005BE974 /* TrainBrain_Prefix.pch */,
				29B97316FDCFA39411CA2CEA /* main.m */,
			);
			name = "Other Sources";
			sourceTree = "<group>";
		};
		29B97323FDCFA39411CA2CEA /* Frameworks */ = {
			isa = PBXGroup;
			children = (
				52169E4F163175150089A4A6 /* libsqlite3.0.dylib */,
				52169E4D163174F70089A4A6 /* CFNetwork.framework */,
				A1201226157C4CF300A25DAB /* MessageUI.framework */,
				52113EEC157168AC00CD19DE /* Foundation.framework */,
				52113EE21571687900CD19DE /* CoreGraphics.framework */,
				52113EE01571686A00CD19DE /* QuartzCore.framework */,
				52113EDE1571685900CD19DE /* CoreText.framework */,
				52113EDC1571684F00CD19DE /* UIKit.framework */,
				A1B5C4E910A120F500CD3045 /* MapKit.framework */,
				A169E4BB102F931800A65E05 /* CoreLocation.framework */,
			);
			name = Frameworks;
			sourceTree = "<group>";
		};
		52113EF51571741600CD19DE /* OHAttributedLabel */ = {
			isa = PBXGroup;
			children = (
				52113EF61571745900CD19DE /* NSAttributedString+Attributes.h */,
				52113EF71571745900CD19DE /* NSAttributedString+Attributes.m */,
				52113EF81571745900CD19DE /* OHAttributedLabel.h */,
				52113EF91571745900CD19DE /* OHAttributedLabel.m */,
			);
			name = OHAttributedLabel;
			sourceTree = "<group>";
		};
		52583618163173F200D2CEE8 /* 3rdParty */ = {
			isa = PBXGroup;
			children = (
				5258361A1631741600D2CEE8 /* Google */,
				A1FD11D61521682A002D6E20 /* SVSegmentedControl */,
				A1BC257E122338B500C324C9 /* HUD */,
				A1DE8E9C156859CC00EE3BE0 /* AFNetworking */,
				A16BA38415685C4C00B8BB55 /* JSON */,
				A1C3D46A156C8FC8007212F5 /* EGOTableViewPullRefresh */,
				52113EF51571741600CD19DE /* OHAttributedLabel */,
			);
			name = 3rdParty;
			sourceTree = "<group>";
		};
		5258361A1631741600D2CEE8 /* Google */ = {
			isa = PBXGroup;
			children = (
				52169E491631746D0089A4A6 /* GANTracker.h */,
				52169E4A1631746D0089A4A6 /* libGoogleAnalytics.a */,
			);
			name = Google;
			sourceTree = "<group>";
		};
		A16BA38415685C4C00B8BB55 /* JSON */ = {
			isa = PBXGroup;
			children = (
				A16BA38515685C4C00B8BB55 /* JSON.h */,
				A16BA38615685C4C00B8BB55 /* NSObject+SBJSON.h */,
				A16BA38715685C4C00B8BB55 /* NSObject+SBJSON.m */,
				A16BA38815685C4C00B8BB55 /* NSString+SBJSON.h */,
				A16BA38915685C4C00B8BB55 /* NSString+SBJSON.m */,
				A16BA38A15685C4C00B8BB55 /* SBJSON.h */,
				A16BA38B15685C4C00B8BB55 /* SBJSON.m */,
				A16BA38C15685C4C00B8BB55 /* SBJsonBase.h */,
				A16BA38D15685C4C00B8BB55 /* SBJsonBase.m */,
				A16BA38E15685C4C00B8BB55 /* SBJsonParser.h */,
				A16BA38F15685C4C00B8BB55 /* SBJsonParser.m */,
				A16BA39015685C4C00B8BB55 /* SBJsonWriter.h */,
				A16BA39115685C4C00B8BB55 /* SBJsonWriter.m */,
			);
			path = JSON;
			sourceTree = "<group>";
		};
		A1BC257E122338B500C324C9 /* HUD */ = {
			isa = PBXGroup;
			children = (
				A1B56E2C10F968BF00294BEC /* MBProgressHUD.h */,
				A1B56E2D10F968BF00294BEC /* MBProgressHUD.m */,
			);
			name = HUD;
			sourceTree = "<group>";
		};
		A1C3D46A156C8FC8007212F5 /* EGOTableViewPullRefresh */ = {
			isa = PBXGroup;
			children = (
				A1C3D46B156C8FC8007212F5 /* Classes */,
				A1C3D46F156C8FC8007212F5 /* Resources */,
			);
			path = EGOTableViewPullRefresh;
			sourceTree = "<group>";
		};
		A1C3D46B156C8FC8007212F5 /* Classes */ = {
			isa = PBXGroup;
			children = (
				A1C3D46C156C8FC8007212F5 /* View */,
			);
			path = Classes;
			sourceTree = "<group>";
		};
		A1C3D46C156C8FC8007212F5 /* View */ = {
			isa = PBXGroup;
			children = (
				A1C3D46D156C8FC8007212F5 /* EGORefreshTableHeaderView.h */,
				A1C3D46E156C8FC8007212F5 /* EGORefreshTableHeaderView.m */,
			);
			path = View;
			sourceTree = "<group>";
		};
		A1C3D46F156C8FC8007212F5 /* Resources */ = {
			isa = PBXGroup;
			children = (
				A1C3D470156C8FC8007212F5 /* blackArrow.png */,
				A1C3D471156C8FC8007212F5 /* blackArrow@2x.png */,
				A1C3D472156C8FC8007212F5 /* blueArrow.png */,
				A1C3D473156C8FC8007212F5 /* blueArrow@2x.png */,
				A1C3D474156C8FC8007212F5 /* grayArrow.png */,
				A1C3D475156C8FC8007212F5 /* grayArrow@2x.png */,
				A1C3D476156C8FC8007212F5 /* whiteArrow.png */,
				A1C3D477156C8FC8007212F5 /* whiteArrow@2x.png */,
			);
			path = Resources;
			sourceTree = "<group>";
		};
		A1DD5C83152DD86800C1A88A /* Categories */ = {
			isa = PBXGroup;
			children = (
				A1271F9515B1F2AD00578BE3 /* UIColor_Categories.h */,
				A1271F9615B1F2AD00578BE3 /* UIColor_Categories.m */,
				A1DD5C84152DD89F00C1A88A /* NSString+BeetleFight.h */,
				A1DD5C85152DD89F00C1A88A /* NSString+BeetleFight.m */,
			);
			name = Categories;
			sourceTree = "<group>";
		};
		A1DE8E3B1568597100EE3BE0 /* Assets */ = {
			isa = PBXGroup;
			children = (
				A14DC56515F98CE200DAF8CB /* icon_info.png */,
				A14DC56615F98CE200DAF8CB /* icon_info@2x.png */,
				A102D4D915B75CDD00D56712 /* tab_selected_left.png */,
				A102D4DA15B75CDD00D56712 /* tab_selected_left@2x.png */,
				A19E6D4715B638D900033B1D /* nav_info_norm.png */,
				A19E6D4815B638D900033B1D /* nav_info_norm@2X.png */,
				A1271FAE15B23C1300578BE3 /* info_cell_single.png */,
				A1271FAF15B23C1300578BE3 /* info_cell_single@2x.png */,
				A1271F9E15B2398F00578BE3 /* info_cell_bottom.png */,
				A1271F9F15B2398F00578BE3 /* info_cell_bottom@2x.png */,
				A1271FA015B2398F00578BE3 /* info_cell_middle.png */,
				A1271FA115B2398F00578BE3 /* info_cell_middle@2x.png */,
				A1271FA215B2398F00578BE3 /* info_cell_top.png */,
				A1271FA315B2398F00578BE3 /* info_cell_top@2x.png */,
				A1271F9A15B235EC00578BE3 /* bg_info_cell.png */,
				A1271F9B15B235EC00578BE3 /* bg_info_cell@2x.png */,
				A17C7B8115805DA100CBBC1F /* nav_info_down.png */,
				A17C7B8215805DA100CBBC1F /* nav_info_down@2x.png */,
				A1B7646F15804FEC007AFE54 /* nav_departures_down.png */,
				A1B7646B15804FDD007AFE54 /* nav_departures_down@2x.png */,
				A1B7646C15804FDD007AFE54 /* nav_departures_norm.png */,
				A1B7647015804FEC007AFE54 /* nav_departures_norm@2x.png */,
				A1B7645E158011C2007AFE54 /* bg_tabswitcher.png */,
				A1B7645F158011C2007AFE54 /* bg_tabswitcher@2x.png */,
				A17A04B8157F943F0021996F /* btn_map_norm.png */,
				A17A04B9157F943F0021996F /* btn_map_norm@2x.png */,
				A1ADA56A156FCFC100360C9D /* btn.png */,
				A1ADA56B156FCFC100360C9D /* btn@2x.png */,
				A16E23BC156C4ACC008B4A3F /* btn_routes_norm.png */,
				A16E23BD156C4ACC008B4A3F /* btn_routes_norm@2x.png */,
				A1DE8E3C1568597100EE3BE0 /* 11-clock.png */,
				A1DE8E3D1568597100EE3BE0 /* 11-clock@2x.png */,
				A1DE8E3E1568597100EE3BE0 /* 72-pin.png */,
				A1DE8E3F1568597100EE3BE0 /* 72-pin@2x.png */,
				A1DE8E401568597100EE3BE0 /* 90-lifebuoy.png */,
				A1DE8E411568597100EE3BE0 /* 90-lifebuoy@2x.png */,
				A1DE8E421568597100EE3BE0 /* arrow_cell.png */,
				A1DE8E431568597100EE3BE0 /* arrow_cell@2x.png */,
				A1DE8E441568597100EE3BE0 /* arrow_lg.png */,
				A1DE8E451568597100EE3BE0 /* arrow_lg@2x.png */,
				A1DE8E461568597100EE3BE0 /* background_texture.png */,
				A1DE8E471568597100EE3BE0 /* background_texture@2x.png */,
				A1DE8E481568597100EE3BE0 /* bg_app.png */,
				A1DE8E491568597100EE3BE0 /* bg_app@2x.png */,
				A1DE8E4A1568597100EE3BE0 /* bg_cell.png */,
				A1DE8E4B1568597100EE3BE0 /* bg_cell@2x.png */,
				A1DE8E4C1568597100EE3BE0 /* bg_header.png */,
				A1DE8E4D1568597100EE3BE0 /* bg_header@2x.png */,
				A1DE8E4E1568597100EE3BE0 /* bg_timer.png */,
				A1DE8E4F1568597100EE3BE0 /* bg_timer@2x.png */,
				A1DE8E501568597100EE3BE0 /* clock.png */,
				A1DE8E511568597100EE3BE0 /* clock@2x.png */,
				A1DE8E521568597100EE3BE0 /* Default.png */,
				A1DE8E531568597100EE3BE0 /* Default@2x.png */,
				A1DE8E541568597100EE3BE0 /* exclamation.png */,
				A1DE8E551568597100EE3BE0 /* exclamation@2x.png */,
				A1DE8E561568597100EE3BE0 /* header_bar_default.png */,
				A1DE8E571568597100EE3BE0 /* header_bar_default@2x.png */,
				A1DE8E581568597100EE3BE0 /* header_shadow.png */,
				A1DE8E591568597100EE3BE0 /* header_shadow@2x.png */,
				A1DE8E5A1568597100EE3BE0 /* hiaw_map_pin.png */,
				A1DE8E5B1568597100EE3BE0 /* hiaw_map_pin@2x.png */,
				A1DE8E5C1568597100EE3BE0 /* Icon-72.png */,
				A1DE8E5D1568597100EE3BE0 /* Icon-Small.png */,
				A1DE8E5E1568597100EE3BE0 /* Icon.png */,
				A1DE8E5F1568597100EE3BE0 /* Icon@2x.png */,
				A1DE8E601568597100EE3BE0 /* icon_arrow.png */,
				A1DE8E611568597100EE3BE0 /* icon_arrow@2x.png */,
				A1DE8E621568597100EE3BE0 /* icon_clock.png */,
				A1DE8E631568597100EE3BE0 /* icon_clock@2x.png */,
				A1DE8E641568597100EE3BE0 /* icon_hiawatha.png */,
				A1DE8E651568597100EE3BE0 /* icon_hiawatha@2x.png */,
				A1DE8E661568597100EE3BE0 /* icon_news.png */,
				A1DE8E671568597100EE3BE0 /* icon_news@2x.png */,
				A1DE8E681568597100EE3BE0 /* icon_northstar.png */,
				A1DE8E691568597100EE3BE0 /* icon_northstar@2x.png */,
				A1DE8E6A1568597100EE3BE0 /* nstr_map_pin.png */,
				A1DE8E6B1568597100EE3BE0 /* nstr_map_pin@2x.png */,
			);
			path = Assets;
			sourceTree = "<group>";
		};
		A1DE8E9C156859CC00EE3BE0 /* AFNetworking */ = {
			isa = PBXGroup;
			children = (
				A1DE8E9D156859CC00EE3BE0 /* AFHTTPClient.h */,
				A1DE8E9E156859CC00EE3BE0 /* AFHTTPClient.m */,
				A1DE8E9F156859CC00EE3BE0 /* AFHTTPRequestOperation.h */,
				A1DE8EA0156859CC00EE3BE0 /* AFHTTPRequestOperation.m */,
				A1DE8EA1156859CC00EE3BE0 /* AFImageRequestOperation.h */,
				A1DE8EA2156859CC00EE3BE0 /* AFImageRequestOperation.m */,
				A1DE8EA3156859CC00EE3BE0 /* AFJSONRequestOperation.h */,
				A1DE8EA4156859CC00EE3BE0 /* AFJSONRequestOperation.m */,
				A1DE8EA5156859CC00EE3BE0 /* AFJSONUtilities.h */,
				A1DE8EA6156859CC00EE3BE0 /* AFJSONUtilities.m */,
				A1DE8EA7156859CC00EE3BE0 /* AFNetworkActivityIndicatorManager.h */,
				A1DE8EA8156859CC00EE3BE0 /* AFNetworkActivityIndicatorManager.m */,
				A1DE8EA9156859CC00EE3BE0 /* AFNetworking.h */,
				A1DE8EAA156859CC00EE3BE0 /* AFPropertyListRequestOperation.h */,
				A1DE8EAB156859CC00EE3BE0 /* AFPropertyListRequestOperation.m */,
				A1DE8EAC156859CC00EE3BE0 /* AFURLConnectionOperation.h */,
				A1DE8EAD156859CC00EE3BE0 /* AFURLConnectionOperation.m */,
				A1DE8EAE156859CC00EE3BE0 /* AFXMLRequestOperation.h */,
				A1DE8EAF156859CC00EE3BE0 /* AFXMLRequestOperation.m */,
				A1DE8EB0156859CC00EE3BE0 /* UIImageView+AFNetworking.h */,
				A1DE8EB1156859CC00EE3BE0 /* UIImageView+AFNetworking.m */,
			);
			path = AFNetworking;
			sourceTree = "<group>";
		};
		A1E8482B1569BAD3007DF636 /* Models */ = {
			isa = PBXGroup;
			children = (
				A1E8482C1569BAD3007DF636 /* FunnyPhrase.h */,
				A1E8482D1569BAD3007DF636 /* FunnyPhrase.m */,
				A1E8482E1569BAD3007DF636 /* Headsign.h */,
				A1E8482F1569BAD3007DF636 /* Headsign.m */,
				A1E848301569BAD3007DF636 /* Route.h */,
				A1E848311569BAD3007DF636 /* Route.m */,
				A1E848321569BAD3007DF636 /* Stop.h */,
				A1E848331569BAD3007DF636 /* Stop.m */,
				A1E848341569BAD3007DF636 /* StopTime.h */,
				A1E848351569BAD3007DF636 /* StopTime.m */,
				A1E848361569BAD3007DF636 /* TransitAPIClient.h */,
				A1E848371569BAD3007DF636 /* TransitAPIClient.m */,
				A16E23C3156C6EAE008B4A3F /* Info.h */,
				A16E23C4156C6EAE008B4A3F /* Info.m */,
			);
			path = Models;
			sourceTree = "<group>";
		};
		A1E848411569BC45007DF636 /* Views */ = {
			isa = PBXGroup;
			children = (
				A1E848421569BC45007DF636 /* BigDepartureTableViewCell.h */,
				A1E848431569BC45007DF636 /* BigDepartureTableViewCell.m */,
				A1E848441569BC45007DF636 /* CustomCell.h */,
				A1E848451569BC45007DF636 /* CustomCell.m */,
				A1E8484C1569BC45007DF636 /* RouteCell.h */,
				A1E8484D1569BC45007DF636 /* RouteCell.m */,
				A1E8484E1569BC45007DF636 /* StopAnnotation.h */,
				A1E8484F1569BC45007DF636 /* StopAnnotation.m */,
				A1E848501569BC45007DF636 /* StopTimeCell.h */,
				A1E848511569BC45007DF636 /* StopTimeCell.m */,
				A102D4D615B754A200D56712 /* BasicCell.h */,
				A102D4D715B754A200D56712 /* BasicCell.m */,
			);
			path = Views;
			sourceTree = "<group>";
		};
		A1E8485A1569BC7F007DF636 /* Controllers */ = {
			isa = PBXGroup;
			children = (
				A1E8485D1569BC7F007DF636 /* RoutesTableViewController.h */,
				A1E8485E1569BC7F007DF636 /* RoutesTableViewController.m */,
				A1E848611569BC7F007DF636 /* StopsTableViewController.h */,
				A1E848621569BC7F007DF636 /* StopsTableViewController.m */,
				A1E8485F1569BC7F007DF636 /* StopsOnMapViewController.h */,
				A1E848601569BC7F007DF636 /* StopsOnMapViewController.m */,
				A1E848631569BC7F007DF636 /* StopTimesTableViewController.h */,
				A1E848641569BC7F007DF636 /* StopTimesTableViewController.m */,
				A1E8485B1569BC7F007DF636 /* InfoTableViewController.h */,
				A1E8485C1569BC7F007DF636 /* InfoTableViewController.m */,
				A16E23C0156C6D2F008B4A3F /* InfoDetailViewController.h */,
				A16E23C1156C6D2F008B4A3F /* InfoDetailViewController.m */,
			);
			path = Controllers;
			sourceTree = "<group>";
		};
		A1FD11D61521682A002D6E20 /* SVSegmentedControl */ = {
			isa = PBXGroup;
			children = (
				A1FD11D71521682A002D6E20 /* SVSegmentedControl.h */,
				A1FD11D81521682A002D6E20 /* SVSegmentedControl.m */,
				A1FD11D91521682A002D6E20 /* SVSegmentedThumb.h */,
				A1FD11DA1521682A002D6E20 /* SVSegmentedThumb.m */,
			);
			path = SVSegmentedControl;
			sourceTree = "<group>";
		};
/* End PBXGroup section */

/* Begin PBXNativeTarget section */
		1D6058900D05DD3D006BFB54 /* TrainBrain */ = {
			isa = PBXNativeTarget;
			buildConfigurationList = 1D6058960D05DD3E006BFB54 /* Build configuration list for PBXNativeTarget "TrainBrain" */;
			buildPhases = (
				1D60588D0D05DD3D006BFB54 /* Resources */,
				1D60588E0D05DD3D006BFB54 /* Sources */,
				1D60588F0D05DD3D006BFB54 /* Frameworks */,
			);
			buildRules = (
			);
			dependencies = (
			);
			name = TrainBrain;
			productName = TrainBrain;
			productReference = A1789C1C12CA7FB000361D22 /* TrainBrain.app */;
			productType = "com.apple.product-type.application";
		};
/* End PBXNativeTarget section */

/* Begin PBXProject section */
		29B97313FDCFA39411CA2CEA /* Project object */ = {
			isa = PBXProject;
			attributes = {
				LastUpgradeCheck = 0430;
				ORGANIZATIONNAME = "Beetle Fight";
			};
			buildConfigurationList = C01FCF4E08A954540054247B /* Build configuration list for PBXProject "TrainBrain" */;
			compatibilityVersion = "Xcode 3.2";
			developmentRegion = English;
			hasScannedForEncodings = 1;
			knownRegions = (
				English,
				Japanese,
				French,
				German,
				en,
			);
			mainGroup = 29B97314FDCFA39411CA2CEA /* CustomTemplate */;
			projectDirPath = "";
			projectRoot = "";
			targets = (
				1D6058900D05DD3D006BFB54 /* TrainBrain */,
			);
		};
/* End PBXProject section */

/* Begin PBXResourcesBuildPhase section */
		1D60588D0D05DD3D006BFB54 /* Resources */ = {
			isa = PBXResourcesBuildPhase;
			buildActionMask = 2147483647;
			files = (
				A1C259B714F7FC77003215E6 /* user_data.plist in Resources */,
				A1DE8E6C1568597100EE3BE0 /* 11-clock.png in Resources */,
				A1DE8E6D1568597100EE3BE0 /* 11-clock@2x.png in Resources */,
				A1DE8E6E1568597100EE3BE0 /* 72-pin.png in Resources */,
				A1DE8E6F1568597100EE3BE0 /* 72-pin@2x.png in Resources */,
				A1DE8E701568597100EE3BE0 /* 90-lifebuoy.png in Resources */,
				A1DE8E711568597100EE3BE0 /* 90-lifebuoy@2x.png in Resources */,
				A1DE8E721568597100EE3BE0 /* arrow_cell.png in Resources */,
				A1DE8E731568597100EE3BE0 /* arrow_cell@2x.png in Resources */,
				A1DE8E741568597100EE3BE0 /* arrow_lg.png in Resources */,
				A1DE8E751568597100EE3BE0 /* arrow_lg@2x.png in Resources */,
				A1DE8E761568597100EE3BE0 /* background_texture.png in Resources */,
				A1DE8E771568597100EE3BE0 /* background_texture@2x.png in Resources */,
				A1DE8E781568597100EE3BE0 /* bg_app.png in Resources */,
				A1DE8E791568597100EE3BE0 /* bg_app@2x.png in Resources */,
				A1DE8E7A1568597100EE3BE0 /* bg_cell.png in Resources */,
				A1DE8E7B1568597100EE3BE0 /* bg_cell@2x.png in Resources */,
				A1DE8E7C1568597100EE3BE0 /* bg_header.png in Resources */,
				A1DE8E7D1568597100EE3BE0 /* bg_header@2x.png in Resources */,
				A1DE8E7E1568597100EE3BE0 /* bg_timer.png in Resources */,
				A1DE8E7F1568597100EE3BE0 /* bg_timer@2x.png in Resources */,
				A1DE8E801568597100EE3BE0 /* clock.png in Resources */,
				A1DE8E811568597100EE3BE0 /* clock@2x.png in Resources */,
				A1DE8E821568597100EE3BE0 /* Default.png in Resources */,
				A1DE8E831568597100EE3BE0 /* Default@2x.png in Resources */,
				A1DE8E841568597100EE3BE0 /* exclamation.png in Resources */,
				A1DE8E851568597100EE3BE0 /* exclamation@2x.png in Resources */,
				A1DE8E861568597100EE3BE0 /* header_bar_default.png in Resources */,
				A1DE8E871568597100EE3BE0 /* header_bar_default@2x.png in Resources */,
				A1DE8E881568597100EE3BE0 /* header_shadow.png in Resources */,
				A1DE8E891568597100EE3BE0 /* header_shadow@2x.png in Resources */,
				A1DE8E8A1568597100EE3BE0 /* hiaw_map_pin.png in Resources */,
				A1DE8E8B1568597100EE3BE0 /* hiaw_map_pin@2x.png in Resources */,
				A1DE8E8C1568597100EE3BE0 /* Icon-72.png in Resources */,
				A1DE8E8D1568597100EE3BE0 /* Icon-Small.png in Resources */,
				A1DE8E8E1568597100EE3BE0 /* Icon.png in Resources */,
				A1DE8E8F1568597100EE3BE0 /* Icon@2x.png in Resources */,
				A1DE8E901568597100EE3BE0 /* icon_arrow.png in Resources */,
				A1DE8E911568597100EE3BE0 /* icon_arrow@2x.png in Resources */,
				A1DE8E921568597100EE3BE0 /* icon_clock.png in Resources */,
				A1DE8E931568597100EE3BE0 /* icon_clock@2x.png in Resources */,
				A1DE8E941568597100EE3BE0 /* icon_hiawatha.png in Resources */,
				A1DE8E951568597100EE3BE0 /* icon_hiawatha@2x.png in Resources */,
				A1DE8E961568597100EE3BE0 /* icon_news.png in Resources */,
				A1DE8E971568597100EE3BE0 /* icon_news@2x.png in Resources */,
				A1DE8E981568597100EE3BE0 /* icon_northstar.png in Resources */,
				A1DE8E991568597100EE3BE0 /* icon_northstar@2x.png in Resources */,
				A1DE8E9A1568597100EE3BE0 /* nstr_map_pin.png in Resources */,
				A1DE8E9B1568597100EE3BE0 /* nstr_map_pin@2x.png in Resources */,
				A1A796C51569D4E2006ACAAD /* MainWindow.xib in Resources */,
				A16E23BE156C4ACC008B4A3F /* btn_routes_norm.png in Resources */,
				A16E23BF156C4ACC008B4A3F /* btn_routes_norm@2x.png in Resources */,
				A1C3D479156C8FC8007212F5 /* blackArrow.png in Resources */,
				A1C3D47A156C8FC8007212F5 /* blackArrow@2x.png in Resources */,
				A1C3D47B156C8FC8007212F5 /* blueArrow.png in Resources */,
				A1C3D47C156C8FC8007212F5 /* blueArrow@2x.png in Resources */,
				A1C3D47D156C8FC8007212F5 /* grayArrow.png in Resources */,
				A1C3D47E156C8FC8007212F5 /* grayArrow@2x.png in Resources */,
				A1C3D47F156C8FC8007212F5 /* whiteArrow.png in Resources */,
				A1C3D480156C8FC8007212F5 /* whiteArrow@2x.png in Resources */,
				A1ADA56C156FCFC100360C9D /* btn.png in Resources */,
				A1ADA56D156FCFC100360C9D /* btn@2x.png in Resources */,
				A17A04BA157F943F0021996F /* btn_map_norm.png in Resources */,
				A17A04BB157F943F0021996F /* btn_map_norm@2x.png in Resources */,
				A1B76460158011C2007AFE54 /* bg_tabswitcher.png in Resources */,
				A1B76461158011C2007AFE54 /* bg_tabswitcher@2x.png in Resources */,
				A1B7646D15804FDD007AFE54 /* nav_departures_down@2x.png in Resources */,
				A1B7646E15804FDD007AFE54 /* nav_departures_norm.png in Resources */,
				A1B7647115804FEC007AFE54 /* nav_departures_down.png in Resources */,
				A1B7647215804FEC007AFE54 /* nav_departures_norm@2x.png in Resources */,
				A17C7B8515805DA100CBBC1F /* nav_info_down.png in Resources */,
				A17C7B8615805DA100CBBC1F /* nav_info_down@2x.png in Resources */,
				A1271F9C15B235EC00578BE3 /* bg_info_cell.png in Resources */,
				A1271F9D15B235EC00578BE3 /* bg_info_cell@2x.png in Resources */,
				A1271FA415B2398F00578BE3 /* info_cell_bottom.png in Resources */,
				A1271FA515B2398F00578BE3 /* info_cell_bottom@2x.png in Resources */,
				A1271FA615B2398F00578BE3 /* info_cell_middle.png in Resources */,
				A1271FA715B2398F00578BE3 /* info_cell_middle@2x.png in Resources */,
				A1271FA815B2398F00578BE3 /* info_cell_top.png in Resources */,
				A1271FA915B2398F00578BE3 /* info_cell_top@2x.png in Resources */,
				A1271FB015B23C1300578BE3 /* info_cell_single.png in Resources */,
				A1271FB115B23C1300578BE3 /* info_cell_single@2x.png in Resources */,
				A19E6D4915B638D900033B1D /* nav_info_norm.png in Resources */,
				A19E6D4A15B638D900033B1D /* nav_info_norm@2X.png in Resources */,
				A102D4DB15B75CDD00D56712 /* tab_selected_left.png in Resources */,
				A102D4DC15B75CDD00D56712 /* tab_selected_left@2x.png in Resources */,
				A14DC56715F98CE200DAF8CB /* icon_info.png in Resources */,
				A14DC56815F98CE200DAF8CB /* icon_info@2x.png in Resources */,
				52AEC5C41602D6EF004C548E /* Default-568h@2x.png in Resources */,
			);
			runOnlyForDeploymentPostprocessing = 0;
		};
/* End PBXResourcesBuildPhase section */

/* Begin PBXSourcesBuildPhase section */
		1D60588E0D05DD3D006BFB54 /* Sources */ = {
			isa = PBXSourcesBuildPhase;
			buildActionMask = 2147483647;
			files = (
				52113EFB1571747700CD19DE /* OHAttributedLabel.m in Sources */,
				52113EFA1571746F00CD19DE /* NSAttributedString+Attributes.m in Sources */,
				1D60589B0D05DD56006BFB54 /* main.m in Sources */,
				1D3623260D0F684500981E51 /* TrainBrainAppDelegate.m in Sources */,
				A1B56E2E10F968BF00294BEC /* MBProgressHUD.m in Sources */,
				A1FD11DB1521682A002D6E20 /* SVSegmentedControl.m in Sources */,
				A1FD11DC1521682A002D6E20 /* SVSegmentedThumb.m in Sources */,
				A1DD5C86152DD89F00C1A88A /* NSString+BeetleFight.m in Sources */,
				A1DE8EB2156859CC00EE3BE0 /* AFHTTPClient.m in Sources */,
				A1DE8EB3156859CC00EE3BE0 /* AFHTTPRequestOperation.m in Sources */,
				A1DE8EB4156859CC00EE3BE0 /* AFImageRequestOperation.m in Sources */,
				A1DE8EB5156859CC00EE3BE0 /* AFJSONRequestOperation.m in Sources */,
				A1DE8EB6156859CC00EE3BE0 /* AFJSONUtilities.m in Sources */,
				A1DE8EB7156859CC00EE3BE0 /* AFNetworkActivityIndicatorManager.m in Sources */,
				A1DE8EB8156859CC00EE3BE0 /* AFPropertyListRequestOperation.m in Sources */,
				A1DE8EB9156859CC00EE3BE0 /* AFURLConnectionOperation.m in Sources */,
				A1DE8EBA156859CC00EE3BE0 /* AFXMLRequestOperation.m in Sources */,
				A1DE8EBB156859CC00EE3BE0 /* UIImageView+AFNetworking.m in Sources */,
				A16BA39215685C4C00B8BB55 /* NSObject+SBJSON.m in Sources */,
				A16BA39315685C4C00B8BB55 /* NSString+SBJSON.m in Sources */,
				A16BA39415685C4C00B8BB55 /* SBJSON.m in Sources */,
				A16BA39515685C4C00B8BB55 /* SBJsonBase.m in Sources */,
				A16BA39615685C4C00B8BB55 /* SBJsonParser.m in Sources */,
				A16BA39715685C4C00B8BB55 /* SBJsonWriter.m in Sources */,
				A1E848381569BAD3007DF636 /* FunnyPhrase.m in Sources */,
				A1E848391569BAD3007DF636 /* Headsign.m in Sources */,
				A1E8483A1569BAD3007DF636 /* Route.m in Sources */,
				A1E8483B1569BAD3007DF636 /* Stop.m in Sources */,
				A1E8483C1569BAD3007DF636 /* StopTime.m in Sources */,
				A1E8483D1569BAD3007DF636 /* TransitAPIClient.m in Sources */,
				A1E848521569BC45007DF636 /* BigDepartureTableViewCell.m in Sources */,
				A1E848531569BC45007DF636 /* CustomCell.m in Sources */,
				A1E848571569BC45007DF636 /* RouteCell.m in Sources */,
				A1E848581569BC45007DF636 /* StopAnnotation.m in Sources */,
				A1E848591569BC45007DF636 /* StopTimeCell.m in Sources */,
				A1E848651569BC7F007DF636 /* InfoTableViewController.m in Sources */,
				A1E848661569BC7F007DF636 /* RoutesTableViewController.m in Sources */,
				A1E848671569BC7F007DF636 /* StopsOnMapViewController.m in Sources */,
				A1E848681569BC7F007DF636 /* StopsTableViewController.m in Sources */,
				A1E848691569BC7F007DF636 /* StopTimesTableViewController.m in Sources */,
				A16E23C2156C6D2F008B4A3F /* InfoDetailViewController.m in Sources */,
				A16E23C5156C6EAE008B4A3F /* Info.m in Sources */,
				A1C3D478156C8FC8007212F5 /* EGORefreshTableHeaderView.m in Sources */,
				A1271F9715B1F2AD00578BE3 /* UIColor_Categories.m in Sources */,
				A102D4D815B754A200D56712 /* BasicCell.m in Sources */,
			);
			runOnlyForDeploymentPostprocessing = 0;
		};
/* End PBXSourcesBuildPhase section */

/* Begin XCBuildConfiguration section */
		1D6058940D05DD3E006BFB54 /* Debug */ = {
			isa = XCBuildConfiguration;
			buildSettings = {
				ALWAYS_SEARCH_USER_PATHS = NO;
				CODE_SIGN_ENTITLEMENTS = TrainBrain.entitlements;
				"CODE_SIGN_IDENTITY[sdk=iphoneos*]" = "iPhone Developer";
				COPY_PHASE_STRIP = NO;
				GCC_DYNAMIC_NO_PIC = NO;
				GCC_OPTIMIZATION_LEVEL = 0;
				GCC_PRECOMPILE_PREFIX_HEADER = YES;
				GCC_PREFIX_HEADER = TrainBrain_Prefix.pch;
				GCC_VERSION = com.apple.compilers.llvmgcc42;
				INFOPLIST_FILE = "TrainBrain-Info.plist";
				IPHONEOS_DEPLOYMENT_TARGET = 5.1;
				LIBRARY_SEARCH_PATHS = (
					"$(inherited)",
					"\"$(SRCROOT)/Classes/Google\"",
				);
				ONLY_ACTIVE_ARCH = NO;
				PRECOMPS_INCLUDE_HEADERS_FROM_BUILT_PRODUCTS_DIR = NO;
				PRODUCT_NAME = TrainBrain;
				"PROVISIONING_PROFILE[sdk=iphoneos*]" = "";
				RUN_CLANG_STATIC_ANALYZER = NO;
				SCAN_ALL_SOURCE_FILES_FOR_INCLUDES = YES;
				SDKROOT = iphoneos;
				TARGETED_DEVICE_FAMILY = 1;
			};
			name = Debug;
		};
		1D6058950D05DD3E006BFB54 /* Release */ = {
			isa = XCBuildConfiguration;
			buildSettings = {
				ALWAYS_SEARCH_USER_PATHS = NO;
				CODE_SIGN_ENTITLEMENTS = TrainBrain.entitlements;
				"CODE_SIGN_IDENTITY[sdk=iphoneos*]" = "iPhone Distribution: Andy Atkinson";
				COPY_PHASE_STRIP = YES;
				GCC_PRECOMPILE_PREFIX_HEADER = YES;
				GCC_PREFIX_HEADER = TrainBrain_Prefix.pch;
				GCC_VERSION = com.apple.compilers.llvmgcc42;
				INFOPLIST_FILE = "TrainBrain-Info.plist";
				IPHONEOS_DEPLOYMENT_TARGET = 5.1;
				LIBRARY_SEARCH_PATHS = (
					"$(inherited)",
					"\"$(SRCROOT)/Classes/Google\"",
				);
				ONLY_ACTIVE_ARCH = NO;
				PRECOMPS_INCLUDE_HEADERS_FROM_BUILT_PRODUCTS_DIR = NO;
				PRODUCT_NAME = TrainBrain;
				"PROVISIONING_PROFILE[sdk=iphoneos*]" = "95177B15-470E-408C-9643-1A0E0F6B0B2C";
				RUN_CLANG_STATIC_ANALYZER = NO;
				SCAN_ALL_SOURCE_FILES_FOR_INCLUDES = YES;
				SDKROOT = iphoneos;
				TARGETED_DEVICE_FAMILY = 1;
			};
			name = Release;
		};
		A167A5E31040CBB10021D182 /* Distribution */ = {
			isa = XCBuildConfiguration;
			buildSettings = {
				ARCHS = "$(ARCHS_STANDARD_32_BIT)";
				CODE_SIGN_ENTITLEMENTS = dist.plist;
				CODE_SIGN_IDENTITY = "iPhone Developer";
				"CODE_SIGN_IDENTITY[sdk=iphoneos*]" = "iPhone Developer";
				GCC_C_LANGUAGE_STANDARD = c99;
				GCC_VERSION = com.apple.compilers.llvmgcc42;
				GCC_WARN_ABOUT_RETURN_TYPE = YES;
				GCC_WARN_UNUSED_VARIABLE = YES;
				IPHONEOS_DEPLOYMENT_TARGET = 5.1;
				PROVISIONING_PROFILE = "";
				"PROVISIONING_PROFILE[sdk=iphoneos*]" = "";
				SDKROOT = iphoneos5.0;
				VALIDATE_PRODUCT = YES;
			};
			name = Distribution;
		};
		A167A5E41040CBB10021D182 /* Distribution */ = {
			isa = XCBuildConfiguration;
			buildSettings = {
				ALWAYS_SEARCH_USER_PATHS = NO;
				CODE_SIGN_ENTITLEMENTS = TrainBrain.entitlements;
				CODE_SIGN_IDENTITY = "iPhone Distribution: Andy Atkinson";
				"CODE_SIGN_IDENTITY[sdk=iphoneos*]" = "iPhone Distribution";
				COPY_PHASE_STRIP = YES;
				GCC_PRECOMPILE_PREFIX_HEADER = YES;
				GCC_PREFIX_HEADER = TrainBrain_Prefix.pch;
				GCC_VERSION = com.apple.compilers.llvmgcc42;
				INFOPLIST_FILE = "TrainBrain-Info.plist";
				IPHONEOS_DEPLOYMENT_TARGET = 5.1;
				LIBRARY_SEARCH_PATHS = (
					"$(inherited)",
					"\"$(SRCROOT)/Classes/Google\"",
				);
				ONLY_ACTIVE_ARCH = NO;
				PRECOMPS_INCLUDE_HEADERS_FROM_BUILT_PRODUCTS_DIR = NO;
				PRODUCT_NAME = TrainBrain;
				PROVISIONING_PROFILE = "95177B15-470E-408C-9643-1A0E0F6B0B2C";
				"PROVISIONING_PROFILE[sdk=iphoneos*]" = "";
				RUN_CLANG_STATIC_ANALYZER = NO;
				SCAN_ALL_SOURCE_FILES_FOR_INCLUDES = YES;
				SDKROOT = iphoneos;
				TARGETED_DEVICE_FAMILY = 1;
			};
			name = Distribution;
		};
		C01FCF4F08A954540054247B /* Debug */ = {
			isa = XCBuildConfiguration;
			buildSettings = {
				ARCHS = "$(ARCHS_STANDARD_32_BIT)";
				"CODE_SIGN_IDENTITY[sdk=iphoneos*]" = "iPhone Developer";
				GCC_C_LANGUAGE_STANDARD = c99;
				GCC_VERSION = com.apple.compilers.llvmgcc42;
				GCC_WARN_ABOUT_RETURN_TYPE = YES;
				GCC_WARN_UNUSED_VARIABLE = YES;
				IPHONEOS_DEPLOYMENT_TARGET = 5.1;
				SDKROOT = iphoneos5.0;
			};
			name = Debug;
		};
		C01FCF5008A954540054247B /* Release */ = {
			isa = XCBuildConfiguration;
			buildSettings = {
				ARCHS = "$(ARCHS_STANDARD_32_BIT)";
				"CODE_SIGN_IDENTITY[sdk=iphoneos*]" = "iPhone Developer";
				GCC_C_LANGUAGE_STANDARD = c99;
				GCC_VERSION = com.apple.compilers.llvmgcc42;
				GCC_WARN_ABOUT_RETURN_TYPE = YES;
				GCC_WARN_UNUSED_VARIABLE = YES;
				IPHONEOS_DEPLOYMENT_TARGET = 5.1;
				SDKROOT = iphoneos5.0;
			};
			name = Release;
		};
/* End XCBuildConfiguration section */

/* Begin XCConfigurationList section */
		1D6058960D05DD3E006BFB54 /* Build configuration list for PBXNativeTarget "TrainBrain" */ = {
			isa = XCConfigurationList;
			buildConfigurations = (
				1D6058940D05DD3E006BFB54 /* Debug */,
				1D6058950D05DD3E006BFB54 /* Release */,
				A167A5E41040CBB10021D182 /* Distribution */,
			);
			defaultConfigurationIsVisible = 0;
			defaultConfigurationName = Release;
		};
		C01FCF4E08A954540054247B /* Build configuration list for PBXProject "TrainBrain" */ = {
			isa = XCConfigurationList;
			buildConfigurations = (
				C01FCF4F08A954540054247B /* Debug */,
				C01FCF5008A954540054247B /* Release */,
				A167A5E31040CBB10021D182 /* Distribution */,
			);
			defaultConfigurationIsVisible = 0;
			defaultConfigurationName = Release;
		};
/* End XCConfigurationList section */
	};
	rootObject = 29B97313FDCFA39411CA2CEA /* Project object */;
}
