// !$*UTF8*$!
{
	archiveVersion = 1;
	classes = {
	};
	objectVersion = 45;
	objects = {

/* Begin PBXBuildFile section */
		1D3623260D0F684500981E51 /* TrainBrainAppDelegate.m in Sources */ = {isa = PBXBuildFile; fileRef = 1D3623250D0F684500981E51 /* TrainBrainAppDelegate.m */; };
		1D60589B0D05DD56006BFB54 /* main.m in Sources */ = {isa = PBXBuildFile; fileRef = 29B97316FDCFA39411CA2CEA /* main.m */; };
		1D60589F0D05DD5A006BFB54 /* Foundation.framework in Frameworks */ = {isa = PBXBuildFile; fileRef = 1D30AB110D05D00D00671497 /* Foundation.framework */; };
		1DF5F4E00D08C38300B7A737 /* UIKit.framework in Frameworks */ = {isa = PBXBuildFile; fileRef = 1DF5F4DF0D08C38300B7A737 /* UIKit.framework */; };
		2892E4100DC94CBA00A64D0F /* CoreGraphics.framework in Frameworks */ = {isa = PBXBuildFile; fileRef = 2892E40F0DC94CBA00A64D0F /* CoreGraphics.framework */; };
		2899E5600DE3E45000AC0155 /* RootViewController.xib in Resources */ = {isa = PBXBuildFile; fileRef = 2899E55F0DE3E45000AC0155 /* RootViewController.xib */; };
		28AD73600D9D9599002E5188 /* MainWindow.xib in Resources */ = {isa = PBXBuildFile; fileRef = 28AD735F0D9D9599002E5188 /* MainWindow.xib */; };
		28C286E10D94DF7D0034E888 /* RootViewController.m in Sources */ = {isa = PBXBuildFile; fileRef = 28C286E00D94DF7D0034E888 /* RootViewController.m */; };
		A115173C102F962E007CFBF6 /* TimeEntryController.m in Sources */ = {isa = PBXBuildFile; fileRef = A115173A102F962E007CFBF6 /* TimeEntryController.m */; };
		A115173D102F962E007CFBF6 /* TimeEntryController.xib in Resources */ = {isa = PBXBuildFile; fileRef = A115173B102F962E007CFBF6 /* TimeEntryController.xib */; };
		A1151746102F9650007CFBF6 /* ProgressViewController.m in Sources */ = {isa = PBXBuildFile; fileRef = A1151740102F9650007CFBF6 /* ProgressViewController.m */; };
		A1151747102F9650007CFBF6 /* ProgressViewController.xib in Resources */ = {isa = PBXBuildFile; fileRef = A1151741102F9650007CFBF6 /* ProgressViewController.xib */; };
		A1151750102F96BF007CFBF6 /* MapBarButtonItem.m in Sources */ = {isa = PBXBuildFile; fileRef = A115174D102F96BF007CFBF6 /* MapBarButtonItem.m */; };
		A1151751102F96BF007CFBF6 /* DepartureDetailCell.m in Sources */ = {isa = PBXBuildFile; fileRef = A115174F102F96BF007CFBF6 /* DepartureDetailCell.m */; };
		A14FDCB910313164002B9E32 /* clock.png in Resources */ = {isa = PBXBuildFile; fileRef = A14FDCB810313164002B9E32 /* clock.png */; };
		A168AF9010407DE300E01E38 /* Default.png in Resources */ = {isa = PBXBuildFile; fileRef = A168AF8F10407DE300E01E38 /* Default.png */; };
		A1690D521040D31000EB0E62 /* Entitlements.plist in Resources */ = {isa = PBXBuildFile; fileRef = A1690D511040D31000EB0E62 /* Entitlements.plist */; };
		A169E495102F91E500A65E05 /* CustomCell.m in Sources */ = {isa = PBXBuildFile; fileRef = A169E494102F91E500A65E05 /* CustomCell.m */; };
		A169E4B0102F928E00A65E05 /* NSObject+SBJSON.m in Sources */ = {isa = PBXBuildFile; fileRef = A169E4A5102F928E00A65E05 /* NSObject+SBJSON.m */; };
		A169E4B1102F928E00A65E05 /* NSString+SBJSON.m in Sources */ = {isa = PBXBuildFile; fileRef = A169E4A7102F928E00A65E05 /* NSString+SBJSON.m */; };
		A169E4B2102F928E00A65E05 /* SBJSON.m in Sources */ = {isa = PBXBuildFile; fileRef = A169E4A9102F928E00A65E05 /* SBJSON.m */; };
		A169E4B3102F928E00A65E05 /* SBJsonBase.m in Sources */ = {isa = PBXBuildFile; fileRef = A169E4AB102F928E00A65E05 /* SBJsonBase.m */; };
		A169E4B4102F928E00A65E05 /* SBJsonParser.m in Sources */ = {isa = PBXBuildFile; fileRef = A169E4AD102F928E00A65E05 /* SBJsonParser.m */; };
		A169E4B5102F928E00A65E05 /* SBJsonWriter.m in Sources */ = {isa = PBXBuildFile; fileRef = A169E4AF102F928E00A65E05 /* SBJsonWriter.m */; };
		A169E4BC102F931800A65E05 /* CoreLocation.framework in Frameworks */ = {isa = PBXBuildFile; fileRef = A169E4BB102F931800A65E05 /* CoreLocation.framework */; };
		A16A8BCB1038F93C001DF0EF /* Icon.png in Resources */ = {isa = PBXBuildFile; fileRef = A16A8BCA1038F93C001DF0EF /* Icon.png */; };
		A1BE49F71041F8C2005CFAD0 /* exclamation.png in Resources */ = {isa = PBXBuildFile; fileRef = A1BE49F61041F8C2005CFAD0 /* exclamation.png */; };
		A1D9AA8E103C50CC006B3744 /* departures_bg.png in Resources */ = {isa = PBXBuildFile; fileRef = A1D9AA8D103C50CC006B3744 /* departures_bg.png */; };
		A1EB8E58102F987000347E7F /* DepartureDetailCell.xib in Resources */ = {isa = PBXBuildFile; fileRef = A1EB8E57102F987000347E7F /* DepartureDetailCell.xib */; };
/* End PBXBuildFile section */

/* Begin PBXFileReference section */
		1D30AB110D05D00D00671497 /* Foundation.framework */ = {isa = PBXFileReference; lastKnownFileType = wrapper.framework; name = Foundation.framework; path = System/Library/Frameworks/Foundation.framework; sourceTree = SDKROOT; };
		1D3623240D0F684500981E51 /* TrainBrainAppDelegate.h */ = {isa = PBXFileReference; fileEncoding = 4; lastKnownFileType = sourcecode.c.h; path = TrainBrainAppDelegate.h; sourceTree = "<group>"; };
		1D3623250D0F684500981E51 /* TrainBrainAppDelegate.m */ = {isa = PBXFileReference; fileEncoding = 4; lastKnownFileType = sourcecode.c.objc; path = TrainBrainAppDelegate.m; sourceTree = "<group>"; };
		1DF5F4DF0D08C38300B7A737 /* UIKit.framework */ = {isa = PBXFileReference; lastKnownFileType = wrapper.framework; name = UIKit.framework; path = System/Library/Frameworks/UIKit.framework; sourceTree = SDKROOT; };
		2892E40F0DC94CBA00A64D0F /* CoreGraphics.framework */ = {isa = PBXFileReference; lastKnownFileType = wrapper.framework; name = CoreGraphics.framework; path = System/Library/Frameworks/CoreGraphics.framework; sourceTree = SDKROOT; };
		2899E55F0DE3E45000AC0155 /* RootViewController.xib */ = {isa = PBXFileReference; lastKnownFileType = file.xib; path = RootViewController.xib; sourceTree = "<group>"; };
		28A0AAE50D9B0CCF005BE974 /* TrainBrain_Prefix.pch */ = {isa = PBXFileReference; fileEncoding = 4; lastKnownFileType = sourcecode.c.h; path = TrainBrain_Prefix.pch; sourceTree = "<group>"; };
		28AD735F0D9D9599002E5188 /* MainWindow.xib */ = {isa = PBXFileReference; lastKnownFileType = file.xib; path = MainWindow.xib; sourceTree = "<group>"; };
		28C286DF0D94DF7D0034E888 /* RootViewController.h */ = {isa = PBXFileReference; fileEncoding = 4; lastKnownFileType = sourcecode.c.h; path = RootViewController.h; sourceTree = "<group>"; };
		28C286E00D94DF7D0034E888 /* RootViewController.m */ = {isa = PBXFileReference; fileEncoding = 4; lastKnownFileType = sourcecode.c.objc; path = RootViewController.m; sourceTree = "<group>"; };
		29B97316FDCFA39411CA2CEA /* main.m */ = {isa = PBXFileReference; fileEncoding = 4; lastKnownFileType = sourcecode.c.objc; path = main.m; sourceTree = "<group>"; };
		8D1107310486CEB800E47090 /* TrainBrain-Info.plist */ = {isa = PBXFileReference; fileEncoding = 4; lastKnownFileType = text.plist.xml; path = "TrainBrain-Info.plist"; plistStructureDefinitionIdentifier = "com.apple.xcode.plist.structure-definition.iphone.info-plist"; sourceTree = "<group>"; };
		A1151739102F962E007CFBF6 /* TimeEntryController.h */ = {isa = PBXFileReference; fileEncoding = 4; lastKnownFileType = sourcecode.c.h; path = TimeEntryController.h; sourceTree = "<group>"; };
		A115173A102F962E007CFBF6 /* TimeEntryController.m */ = {isa = PBXFileReference; fileEncoding = 4; lastKnownFileType = sourcecode.c.objc; path = TimeEntryController.m; sourceTree = "<group>"; };
		A115173B102F962E007CFBF6 /* TimeEntryController.xib */ = {isa = PBXFileReference; lastKnownFileType = file.xib; path = TimeEntryController.xib; sourceTree = "<group>"; };
		A115173F102F9650007CFBF6 /* ProgressViewController.h */ = {isa = PBXFileReference; fileEncoding = 4; lastKnownFileType = sourcecode.c.h; path = ProgressViewController.h; sourceTree = "<group>"; };
		A1151740102F9650007CFBF6 /* ProgressViewController.m */ = {isa = PBXFileReference; fileEncoding = 4; lastKnownFileType = sourcecode.c.objc; path = ProgressViewController.m; sourceTree = "<group>"; };
		A1151741102F9650007CFBF6 /* ProgressViewController.xib */ = {isa = PBXFileReference; lastKnownFileType = file.xib; path = ProgressViewController.xib; sourceTree = "<group>"; };
		A115174C102F96BF007CFBF6 /* MapBarButtonItem.h */ = {isa = PBXFileReference; fileEncoding = 4; lastKnownFileType = sourcecode.c.h; path = MapBarButtonItem.h; sourceTree = "<group>"; };
		A115174D102F96BF007CFBF6 /* MapBarButtonItem.m */ = {isa = PBXFileReference; fileEncoding = 4; lastKnownFileType = sourcecode.c.objc; path = MapBarButtonItem.m; sourceTree = "<group>"; };
		A115174E102F96BF007CFBF6 /* DepartureDetailCell.h */ = {isa = PBXFileReference; fileEncoding = 4; lastKnownFileType = sourcecode.c.h; path = DepartureDetailCell.h; sourceTree = "<group>"; };
		A115174F102F96BF007CFBF6 /* DepartureDetailCell.m */ = {isa = PBXFileReference; fileEncoding = 4; lastKnownFileType = sourcecode.c.objc; path = DepartureDetailCell.m; sourceTree = "<group>"; };
		A14FDCB810313164002B9E32 /* clock.png */ = {isa = PBXFileReference; lastKnownFileType = image.png; path = clock.png; sourceTree = "<group>"; };
		A168AF8F10407DE300E01E38 /* Default.png */ = {isa = PBXFileReference; lastKnownFileType = image.png; path = Default.png; sourceTree = "<group>"; };
		A1690D4F1040D2F100EB0E62 /* TrainBrain.app */ = {isa = PBXFileReference; explicitFileType = wrapper.application; includeInIndex = 0; path = TrainBrain.app; sourceTree = BUILT_PRODUCTS_DIR; };
		A1690D511040D31000EB0E62 /* Entitlements.plist */ = {isa = PBXFileReference; fileEncoding = 4; lastKnownFileType = text.plist.xml; path = Entitlements.plist; sourceTree = "<group>"; };
		A169E493102F91C600A65E05 /* CustomCell.h */ = {isa = PBXFileReference; fileEncoding = 4; lastKnownFileType = sourcecode.c.h; path = CustomCell.h; sourceTree = "<group>"; };
		A169E494102F91E500A65E05 /* CustomCell.m */ = {isa = PBXFileReference; fileEncoding = 4; lastKnownFileType = sourcecode.c.objc; path = CustomCell.m; sourceTree = "<group>"; };
		A169E4A3102F928E00A65E05 /* JSON.h */ = {isa = PBXFileReference; fileEncoding = 4; lastKnownFileType = sourcecode.c.h; path = JSON.h; sourceTree = "<group>"; };
		A169E4A4102F928E00A65E05 /* NSObject+SBJSON.h */ = {isa = PBXFileReference; fileEncoding = 4; lastKnownFileType = sourcecode.c.h; path = "NSObject+SBJSON.h"; sourceTree = "<group>"; };
		A169E4A5102F928E00A65E05 /* NSObject+SBJSON.m */ = {isa = PBXFileReference; fileEncoding = 4; lastKnownFileType = sourcecode.c.objc; path = "NSObject+SBJSON.m"; sourceTree = "<group>"; };
		A169E4A6102F928E00A65E05 /* NSString+SBJSON.h */ = {isa = PBXFileReference; fileEncoding = 4; lastKnownFileType = sourcecode.c.h; path = "NSString+SBJSON.h"; sourceTree = "<group>"; };
		A169E4A7102F928E00A65E05 /* NSString+SBJSON.m */ = {isa = PBXFileReference; fileEncoding = 4; lastKnownFileType = sourcecode.c.objc; path = "NSString+SBJSON.m"; sourceTree = "<group>"; };
		A169E4A8102F928E00A65E05 /* SBJSON.h */ = {isa = PBXFileReference; fileEncoding = 4; lastKnownFileType = sourcecode.c.h; path = SBJSON.h; sourceTree = "<group>"; };
		A169E4A9102F928E00A65E05 /* SBJSON.m */ = {isa = PBXFileReference; fileEncoding = 4; lastKnownFileType = sourcecode.c.objc; path = SBJSON.m; sourceTree = "<group>"; };
		A169E4AA102F928E00A65E05 /* SBJsonBase.h */ = {isa = PBXFileReference; fileEncoding = 4; lastKnownFileType = sourcecode.c.h; path = SBJsonBase.h; sourceTree = "<group>"; };
		A169E4AB102F928E00A65E05 /* SBJsonBase.m */ = {isa = PBXFileReference; fileEncoding = 4; lastKnownFileType = sourcecode.c.objc; path = SBJsonBase.m; sourceTree = "<group>"; };
		A169E4AC102F928E00A65E05 /* SBJsonParser.h */ = {isa = PBXFileReference; fileEncoding = 4; lastKnownFileType = sourcecode.c.h; path = SBJsonParser.h; sourceTree = "<group>"; };
		A169E4AD102F928E00A65E05 /* SBJsonParser.m */ = {isa = PBXFileReference; fileEncoding = 4; lastKnownFileType = sourcecode.c.objc; path = SBJsonParser.m; sourceTree = "<group>"; };
		A169E4AE102F928E00A65E05 /* SBJsonWriter.h */ = {isa = PBXFileReference; fileEncoding = 4; lastKnownFileType = sourcecode.c.h; path = SBJsonWriter.h; sourceTree = "<group>"; };
		A169E4AF102F928E00A65E05 /* SBJsonWriter.m */ = {isa = PBXFileReference; fileEncoding = 4; lastKnownFileType = sourcecode.c.objc; path = SBJsonWriter.m; sourceTree = "<group>"; };
		A169E4BB102F931800A65E05 /* CoreLocation.framework */ = {isa = PBXFileReference; lastKnownFileType = wrapper.framework; name = CoreLocation.framework; path = System/Library/Frameworks/CoreLocation.framework; sourceTree = SDKROOT; };
		A16A8BCA1038F93C001DF0EF /* Icon.png */ = {isa = PBXFileReference; lastKnownFileType = image.png; path = Icon.png; sourceTree = "<group>"; };
		A1BE49F61041F8C2005CFAD0 /* exclamation.png */ = {isa = PBXFileReference; lastKnownFileType = image.png; path = exclamation.png; sourceTree = "<group>"; };
		A1D9AA8D103C50CC006B3744 /* departures_bg.png */ = {isa = PBXFileReference; lastKnownFileType = image.png; path = departures_bg.png; sourceTree = "<group>"; };
		A1EB8E57102F987000347E7F /* DepartureDetailCell.xib */ = {isa = PBXFileReference; lastKnownFileType = file.xib; path = DepartureDetailCell.xib; sourceTree = "<group>"; };
/* End PBXFileReference section */

/* Begin PBXFrameworksBuildPhase section */
		1D60588F0D05DD3D006BFB54 /* Frameworks */ = {
			isa = PBXFrameworksBuildPhase;
			buildActionMask = 2147483647;
			files = (
				1D60589F0D05DD5A006BFB54 /* Foundation.framework in Frameworks */,
				1DF5F4E00D08C38300B7A737 /* UIKit.framework in Frameworks */,
				2892E4100DC94CBA00A64D0F /* CoreGraphics.framework in Frameworks */,
				A169E4BC102F931800A65E05 /* CoreLocation.framework in Frameworks */,
			);
			runOnlyForDeploymentPostprocessing = 0;
		};
/* End PBXFrameworksBuildPhase section */

/* Begin PBXGroup section */
		080E96DDFE201D6D7F000001 /* Classes */ = {
			isa = PBXGroup;
			children = (
				A115174C102F96BF007CFBF6 /* MapBarButtonItem.h */,
				A115174D102F96BF007CFBF6 /* MapBarButtonItem.m */,
				A115174E102F96BF007CFBF6 /* DepartureDetailCell.h */,
				A115174F102F96BF007CFBF6 /* DepartureDetailCell.m */,
				A115173F102F9650007CFBF6 /* ProgressViewController.h */,
				A1151740102F9650007CFBF6 /* ProgressViewController.m */,
				A1151741102F9650007CFBF6 /* ProgressViewController.xib */,
				A1151739102F962E007CFBF6 /* TimeEntryController.h */,
				A115173A102F962E007CFBF6 /* TimeEntryController.m */,
				A115173B102F962E007CFBF6 /* TimeEntryController.xib */,
				A169E49D102F927100A65E05 /* JSON */,
				A169E494102F91E500A65E05 /* CustomCell.m */,
				A169E493102F91C600A65E05 /* CustomCell.h */,
				28C286DF0D94DF7D0034E888 /* RootViewController.h */,
				28C286E00D94DF7D0034E888 /* RootViewController.m */,
				1D3623240D0F684500981E51 /* TrainBrainAppDelegate.h */,
				1D3623250D0F684500981E51 /* TrainBrainAppDelegate.m */,
			);
			path = Classes;
			sourceTree = "<group>";
		};
		19C28FACFE9D520D11CA2CBB /* Products */ = {
			isa = PBXGroup;
			children = (
				A1690D4F1040D2F100EB0E62 /* TrainBrain.app */,
			);
			name = Products;
			sourceTree = "<group>";
		};
		29B97314FDCFA39411CA2CEA /* CustomTemplate */ = {
			isa = PBXGroup;
			children = (
				A1690D511040D31000EB0E62 /* Entitlements.plist */,
				080E96DDFE201D6D7F000001 /* Classes */,
				29B97315FDCFA39411CA2CEA /* Other Sources */,
				29B97317FDCFA39411CA2CEA /* Resources */,
				29B97323FDCFA39411CA2CEA /* Frameworks */,
				19C28FACFE9D520D11CA2CBB /* Products */,
			);
			name = CustomTemplate;
			sourceTree = "<group>";
		};
		29B97315FDCFA39411CA2CEA /* Other Sources */ = {
			isa = PBXGroup;
			children = (
				28A0AAE50D9B0CCF005BE974 /* TrainBrain_Prefix.pch */,
				29B97316FDCFA39411CA2CEA /* main.m */,
			);
			name = "Other Sources";
			sourceTree = "<group>";
		};
		29B97317FDCFA39411CA2CEA /* Resources */ = {
			isa = PBXGroup;
			children = (
				A1BE49F61041F8C2005CFAD0 /* exclamation.png */,
				A168AF8F10407DE300E01E38 /* Default.png */,
				A1D9AA8D103C50CC006B3744 /* departures_bg.png */,
				A16A8BCA1038F93C001DF0EF /* Icon.png */,
				A14FDCB810313164002B9E32 /* clock.png */,
				A1EB8E57102F987000347E7F /* DepartureDetailCell.xib */,
				2899E55F0DE3E45000AC0155 /* RootViewController.xib */,
				28AD735F0D9D9599002E5188 /* MainWindow.xib */,
				8D1107310486CEB800E47090 /* TrainBrain-Info.plist */,
			);
			name = Resources;
			sourceTree = "<group>";
		};
		29B97323FDCFA39411CA2CEA /* Frameworks */ = {
			isa = PBXGroup;
			children = (
				A169E4BB102F931800A65E05 /* CoreLocation.framework */,
				1DF5F4DF0D08C38300B7A737 /* UIKit.framework */,
				1D30AB110D05D00D00671497 /* Foundation.framework */,
				2892E40F0DC94CBA00A64D0F /* CoreGraphics.framework */,
			);
			name = Frameworks;
			sourceTree = "<group>";
		};
		A169E49D102F927100A65E05 /* JSON */ = {
			isa = PBXGroup;
			children = (
				A169E4A3102F928E00A65E05 /* JSON.h */,
				A169E4A4102F928E00A65E05 /* NSObject+SBJSON.h */,
				A169E4A5102F928E00A65E05 /* NSObject+SBJSON.m */,
				A169E4A6102F928E00A65E05 /* NSString+SBJSON.h */,
				A169E4A7102F928E00A65E05 /* NSString+SBJSON.m */,
				A169E4A8102F928E00A65E05 /* SBJSON.h */,
				A169E4A9102F928E00A65E05 /* SBJSON.m */,
				A169E4AA102F928E00A65E05 /* SBJsonBase.h */,
				A169E4AB102F928E00A65E05 /* SBJsonBase.m */,
				A169E4AC102F928E00A65E05 /* SBJsonParser.h */,
				A169E4AD102F928E00A65E05 /* SBJsonParser.m */,
				A169E4AE102F928E00A65E05 /* SBJsonWriter.h */,
				A169E4AF102F928E00A65E05 /* SBJsonWriter.m */,
			);
			name = JSON;
			sourceTree = "<group>";
		};
/* End PBXGroup section */

/* Begin PBXNativeTarget section */
		1D6058900D05DD3D006BFB54 /* TrainBrain */ = {
			isa = PBXNativeTarget;
			buildConfigurationList = 1D6058960D05DD3E006BFB54 /* Build configuration list for PBXNativeTarget "TrainBrain" */;
			buildPhases = (
				1D60588D0D05DD3D006BFB54 /* Resources */,
				1D60588E0D05DD3D006BFB54 /* Sources */,
				1D60588F0D05DD3D006BFB54 /* Frameworks */,
			);
			buildRules = (
			);
			dependencies = (
			);
			name = TrainBrain;
			productName = TrainBrain;
			productReference = A1690D4F1040D2F100EB0E62 /* TrainBrain.app */;
			productType = "com.apple.product-type.application";
		};
/* End PBXNativeTarget section */

/* Begin PBXProject section */
		29B97313FDCFA39411CA2CEA /* Project object */ = {
			isa = PBXProject;
			buildConfigurationList = C01FCF4E08A954540054247B /* Build configuration list for PBXProject "TrainBrain" */;
			compatibilityVersion = "Xcode 3.1";
			hasScannedForEncodings = 1;
			knownRegions = (
				English,
				Japanese,
				French,
				German,
				en,
			);
			mainGroup = 29B97314FDCFA39411CA2CEA /* CustomTemplate */;
			projectDirPath = "";
			projectRoot = "";
			targets = (
				1D6058900D05DD3D006BFB54 /* TrainBrain */,
			);
		};
/* End PBXProject section */

/* Begin PBXResourcesBuildPhase section */
		1D60588D0D05DD3D006BFB54 /* Resources */ = {
			isa = PBXResourcesBuildPhase;
			buildActionMask = 2147483647;
			files = (
				28AD73600D9D9599002E5188 /* MainWindow.xib in Resources */,
				2899E5600DE3E45000AC0155 /* RootViewController.xib in Resources */,
				A115173D102F962E007CFBF6 /* TimeEntryController.xib in Resources */,
				A1151747102F9650007CFBF6 /* ProgressViewController.xib in Resources */,
				A1EB8E58102F987000347E7F /* DepartureDetailCell.xib in Resources */,
				A14FDCB910313164002B9E32 /* clock.png in Resources */,
				A16A8BCB1038F93C001DF0EF /* Icon.png in Resources */,
				A1D9AA8E103C50CC006B3744 /* departures_bg.png in Resources */,
				A168AF9010407DE300E01E38 /* Default.png in Resources */,
				A1690D521040D31000EB0E62 /* Entitlements.plist in Resources */,
				A1BE49F71041F8C2005CFAD0 /* exclamation.png in Resources */,
			);
			runOnlyForDeploymentPostprocessing = 0;
		};
/* End PBXResourcesBuildPhase section */

/* Begin PBXSourcesBuildPhase section */
		1D60588E0D05DD3D006BFB54 /* Sources */ = {
			isa = PBXSourcesBuildPhase;
			buildActionMask = 2147483647;
			files = (
				1D60589B0D05DD56006BFB54 /* main.m in Sources */,
				1D3623260D0F684500981E51 /* TrainBrainAppDelegate.m in Sources */,
				28C286E10D94DF7D0034E888 /* RootViewController.m in Sources */,
				A169E495102F91E500A65E05 /* CustomCell.m in Sources */,
				A169E4B0102F928E00A65E05 /* NSObject+SBJSON.m in Sources */,
				A169E4B1102F928E00A65E05 /* NSString+SBJSON.m in Sources */,
				A169E4B2102F928E00A65E05 /* SBJSON.m in Sources */,
				A169E4B3102F928E00A65E05 /* SBJsonBase.m in Sources */,
				A169E4B4102F928E00A65E05 /* SBJsonParser.m in Sources */,
				A169E4B5102F928E00A65E05 /* SBJsonWriter.m in Sources */,
				A115173C102F962E007CFBF6 /* TimeEntryController.m in Sources */,
				A1151746102F9650007CFBF6 /* ProgressViewController.m in Sources */,
				A1151750102F96BF007CFBF6 /* MapBarButtonItem.m in Sources */,
				A1151751102F96BF007CFBF6 /* DepartureDetailCell.m in Sources */,
			);
			runOnlyForDeploymentPostprocessing = 0;
		};
/* End PBXSourcesBuildPhase section */

/* Begin XCBuildConfiguration section */
		1D6058940D05DD3E006BFB54 /* Debug */ = {
			isa = XCBuildConfiguration;
			buildSettings = {
				ALWAYS_SEARCH_USER_PATHS = NO;
				COPY_PHASE_STRIP = NO;
				GCC_DYNAMIC_NO_PIC = NO;
				GCC_OPTIMIZATION_LEVEL = 0;
				GCC_PRECOMPILE_PREFIX_HEADER = YES;
				GCC_PREFIX_HEADER = TrainBrain_Prefix.pch;
				INFOPLIST_FILE = "TrainBrain-Info.plist";
				PRODUCT_NAME = TrainBrain;
			};
			name = Debug;
		};
		1D6058950D05DD3E006BFB54 /* Release */ = {
			isa = XCBuildConfiguration;
			buildSettings = {
				ALWAYS_SEARCH_USER_PATHS = NO;
				COPY_PHASE_STRIP = YES;
				GCC_PRECOMPILE_PREFIX_HEADER = YES;
				GCC_PREFIX_HEADER = TrainBrain_Prefix.pch;
				INFOPLIST_FILE = "TrainBrain-Info.plist";
				PRODUCT_NAME = TrainBrain;
			};
			name = Release;
		};
		A167A5E31040CBB10021D182 /* Distribution */ = {
			isa = XCBuildConfiguration;
			buildSettings = {
				ARCHS = "$(ARCHS_STANDARD_32_BIT)";
				CODE_SIGN_ENTITLEMENTS = dist.plist;
				CODE_SIGN_IDENTITY = "iPhone Developer";
				"CODE_SIGN_IDENTITY[sdk=iphoneos*]" = "iPhone Developer";
				GCC_C_LANGUAGE_STANDARD = c99;
				GCC_WARN_ABOUT_RETURN_TYPE = YES;
				GCC_WARN_UNUSED_VARIABLE = YES;
				PREBINDING = NO;
				PROVISIONING_PROFILE = "";
				SDKROOT = iphoneos3.0;
			};
			name = Distribution;
		};
		A167A5E41040CBB10021D182 /* Distribution */ = {
			isa = XCBuildConfiguration;
			buildSettings = {
				ALWAYS_SEARCH_USER_PATHS = NO;
				CODE_SIGN_ENTITLEMENTS = Entitlements.plist;
				CODE_SIGN_IDENTITY = "iPhone Distribution";
				"CODE_SIGN_IDENTITY[sdk=iphoneos*]" = "iPhone Distribution: Andy Atkinson";
				COPY_PHASE_STRIP = YES;
				GCC_PRECOMPILE_PREFIX_HEADER = YES;
				GCC_PREFIX_HEADER = TrainBrain_Prefix.pch;
				INFOPLIST_FILE = "TrainBrain-Info.plist";
				PRODUCT_NAME = TrainBrain;
				PROVISIONING_PROFILE = "";
				"PROVISIONING_PROFILE[sdk=iphoneos*]" = "760E3C71-4AC6-4CD9-9183-1CD405917C91";
			};
			name = Distribution;
		};
		C01FCF4F08A954540054247B /* Debug */ = {
			isa = XCBuildConfiguration;
			buildSettings = {
				ARCHS = "$(ARCHS_STANDARD_32_BIT)";
				"CODE_SIGN_IDENTITY[sdk=iphoneos*]" = "iPhone Developer";
				GCC_C_LANGUAGE_STANDARD = c99;
				GCC_WARN_ABOUT_RETURN_TYPE = YES;
				GCC_WARN_UNUSED_VARIABLE = YES;
				PREBINDING = NO;
				SDKROOT = iphoneos3.0;
			};
			name = Debug;
		};
		C01FCF5008A954540054247B /* Release */ = {
			isa = XCBuildConfiguration;
			buildSettings = {
				ARCHS = "$(ARCHS_STANDARD_32_BIT)";
				"CODE_SIGN_IDENTITY[sdk=iphoneos*]" = "iPhone Developer";
				GCC_C_LANGUAGE_STANDARD = c99;
				GCC_WARN_ABOUT_RETURN_TYPE = YES;
				GCC_WARN_UNUSED_VARIABLE = YES;
				PREBINDING = NO;
				SDKROOT = iphoneos3.0;
			};
			name = Release;
		};
/* End XCBuildConfiguration section */

/* Begin XCConfigurationList section */
		1D6058960D05DD3E006BFB54 /* Build configuration list for PBXNativeTarget "TrainBrain" */ = {
			isa = XCConfigurationList;
			buildConfigurations = (
				1D6058940D05DD3E006BFB54 /* Debug */,
				1D6058950D05DD3E006BFB54 /* Release */,
				A167A5E41040CBB10021D182 /* Distribution */,
			);
			defaultConfigurationIsVisible = 0;
			defaultConfigurationName = Release;
		};
		C01FCF4E08A954540054247B /* Build configuration list for PBXProject "TrainBrain" */ = {
			isa = XCConfigurationList;
			buildConfigurations = (
				C01FCF4F08A954540054247B /* Debug */,
				C01FCF5008A954540054247B /* Release */,
				A167A5E31040CBB10021D182 /* Distribution */,
			);
			defaultConfigurationIsVisible = 0;
			defaultConfigurationName = Release;
		};
/* End XCConfigurationList section */
	};
	rootObject = 29B97313FDCFA39411CA2CEA /* Project object */;
}
