// !$*UTF8*$!
{
	archiveVersion = 1;
	classes = {
	};
	objectVersion = 46;
	objects = {

/* Begin PBXBuildFile section */
		1D3623260D0F684500981E51 /* TrainBrainAppDelegate.m in Sources */ = {isa = PBXBuildFile; fileRef = 1D3623250D0F684500981E51 /* TrainBrainAppDelegate.m */; };
		1D60589B0D05DD56006BFB54 /* main.m in Sources */ = {isa = PBXBuildFile; fileRef = 29B97316FDCFA39411CA2CEA /* main.m */; };
		1D60589F0D05DD5A006BFB54 /* Foundation.framework in Frameworks */ = {isa = PBXBuildFile; fileRef = 1D30AB110D05D00D00671497 /* Foundation.framework */; };
		1DF5F4E00D08C38300B7A737 /* UIKit.framework in Frameworks */ = {isa = PBXBuildFile; fileRef = 1DF5F4DF0D08C38300B7A737 /* UIKit.framework */; };
		2892E4100DC94CBA00A64D0F /* CoreGraphics.framework in Frameworks */ = {isa = PBXBuildFile; fileRef = 2892E40F0DC94CBA00A64D0F /* CoreGraphics.framework */; };
		2899E5600DE3E45000AC0155 /* RootViewController.xib in Resources */ = {isa = PBXBuildFile; fileRef = 2899E55F0DE3E45000AC0155 /* RootViewController.xib */; };
		28AD73600D9D9599002E5188 /* MainWindow.xib in Resources */ = {isa = PBXBuildFile; fileRef = 28AD735F0D9D9599002E5188 /* MainWindow.xib */; };
		28C286E10D94DF7D0034E888 /* RootViewController.m in Sources */ = {isa = PBXBuildFile; fileRef = 28C286E00D94DF7D0034E888 /* RootViewController.m */; };
		A115173C102F962E007CFBF6 /* TimeEntryViewController.m in Sources */ = {isa = PBXBuildFile; fileRef = A115173A102F962E007CFBF6 /* TimeEntryViewController.m */; };
		A115173D102F962E007CFBF6 /* TimeEntryViewController.xib in Resources */ = {isa = PBXBuildFile; fileRef = A115173B102F962E007CFBF6 /* TimeEntryViewController.xib */; };
		A1151751102F96BF007CFBF6 /* DepartureDetailCell.m in Sources */ = {isa = PBXBuildFile; fileRef = A115174F102F96BF007CFBF6 /* DepartureDetailCell.m */; };
		A14FDCB910313164002B9E32 /* clock.png in Resources */ = {isa = PBXBuildFile; fileRef = A14FDCB810313164002B9E32 /* clock.png */; };
		A1690D521040D31000EB0E62 /* Entitlements.plist in Resources */ = {isa = PBXBuildFile; fileRef = A1690D511040D31000EB0E62 /* Entitlements.plist */; };
		A169E495102F91E500A65E05 /* CustomCell.m in Sources */ = {isa = PBXBuildFile; fileRef = A169E494102F91E500A65E05 /* CustomCell.m */; };
		A169E4B0102F928E00A65E05 /* NSObject+SBJSON.m in Sources */ = {isa = PBXBuildFile; fileRef = A169E4A5102F928E00A65E05 /* NSObject+SBJSON.m */; };
		A169E4B1102F928E00A65E05 /* NSString+SBJSON.m in Sources */ = {isa = PBXBuildFile; fileRef = A169E4A7102F928E00A65E05 /* NSString+SBJSON.m */; };
		A169E4B2102F928E00A65E05 /* SBJSON.m in Sources */ = {isa = PBXBuildFile; fileRef = A169E4A9102F928E00A65E05 /* SBJSON.m */; };
		A169E4B3102F928E00A65E05 /* SBJsonBase.m in Sources */ = {isa = PBXBuildFile; fileRef = A169E4AB102F928E00A65E05 /* SBJsonBase.m */; };
		A169E4B4102F928E00A65E05 /* SBJsonParser.m in Sources */ = {isa = PBXBuildFile; fileRef = A169E4AD102F928E00A65E05 /* SBJsonParser.m */; };
		A169E4B5102F928E00A65E05 /* SBJsonWriter.m in Sources */ = {isa = PBXBuildFile; fileRef = A169E4AF102F928E00A65E05 /* SBJsonWriter.m */; };
		A169E4BC102F931800A65E05 /* CoreLocation.framework in Frameworks */ = {isa = PBXBuildFile; fileRef = A169E4BB102F931800A65E05 /* CoreLocation.framework */; };
		A16A8BCB1038F93C001DF0EF /* Icon.png in Resources */ = {isa = PBXBuildFile; fileRef = A16A8BCA1038F93C001DF0EF /* Icon.png */; };
		A16F9F48121AF1F7004C1257 /* departures_bg.png in Resources */ = {isa = PBXBuildFile; fileRef = A16F9F47121AF1F7004C1257 /* departures_bg.png */; };
		A1B56E2E10F968BF00294BEC /* MBProgressHUD.m in Sources */ = {isa = PBXBuildFile; fileRef = A1B56E2D10F968BF00294BEC /* MBProgressHUD.m */; };
		A1B56FCD10F9B25300294BEC /* InfoViewController.m in Sources */ = {isa = PBXBuildFile; fileRef = A1B56FCB10F9B25300294BEC /* InfoViewController.m */; };
		A1B56FCE10F9B25300294BEC /* InfoViewController.xib in Resources */ = {isa = PBXBuildFile; fileRef = A1B56FCC10F9B25300294BEC /* InfoViewController.xib */; };
		A1B5C4EA10A120F500CD3045 /* MapKit.framework in Frameworks */ = {isa = PBXBuildFile; fileRef = A1B5C4E910A120F500CD3045 /* MapKit.framework */; };
		A1B5C50510A1220F00CD3045 /* StopAnnotation.m in Sources */ = {isa = PBXBuildFile; fileRef = A1B5C50410A1220F00CD3045 /* StopAnnotation.m */; };
		A1B5C54A10A26FBE00CD3045 /* MapStopsViewController.m in Sources */ = {isa = PBXBuildFile; fileRef = A1B5C54810A26FBE00CD3045 /* MapStopsViewController.m */; };
		A1B5C54B10A26FBE00CD3045 /* MapStopsViewController.xib in Resources */ = {isa = PBXBuildFile; fileRef = A1B5C54910A26FBE00CD3045 /* MapStopsViewController.xib */; };
		A1B5C58710A27E5B00CD3045 /* Stop.m in Sources */ = {isa = PBXBuildFile; fileRef = A1B5C58610A27E5B00CD3045 /* Stop.m */; };
		A1BE49F71041F8C2005CFAD0 /* exclamation.png in Resources */ = {isa = PBXBuildFile; fileRef = A1BE49F61041F8C2005CFAD0 /* exclamation.png */; };
		A1D6874B121B64DA002C6081 /* TrainLineCell.m in Sources */ = {isa = PBXBuildFile; fileRef = A1D6874A121B64DA002C6081 /* TrainLineCell.m */; };
		A1D6874F121B65D7002C6081 /* TrainLineCell.xib in Resources */ = {isa = PBXBuildFile; fileRef = A1D6874E121B65D7002C6081 /* TrainLineCell.xib */; };
		A1D688F712209E80002C6081 /* bg_cell@2x.png in Resources */ = {isa = PBXBuildFile; fileRef = A1D688F312209E80002C6081 /* bg_cell@2x.png */; };
		A1D688F812209E80002C6081 /* icon_arrow@2x.png in Resources */ = {isa = PBXBuildFile; fileRef = A1D688F412209E80002C6081 /* icon_arrow@2x.png */; };
		A1D688F912209E80002C6081 /* icon_hiawatha@2x.png in Resources */ = {isa = PBXBuildFile; fileRef = A1D688F512209E80002C6081 /* icon_hiawatha@2x.png */; };
		A1D688FA12209E80002C6081 /* icon_northstar@2x.png in Resources */ = {isa = PBXBuildFile; fileRef = A1D688F612209E80002C6081 /* icon_northstar@2x.png */; };
		A1DF9D05109D3BB100328466 /* TrainStationsViewController.m in Sources */ = {isa = PBXBuildFile; fileRef = A1DF9D03109D3BB100328466 /* TrainStationsViewController.m */; };
		A1DF9D06109D3BB100328466 /* TrainStationsViewController.xib in Resources */ = {isa = PBXBuildFile; fileRef = A1DF9D04109D3BB100328466 /* TrainStationsViewController.xib */; };
		A1E5EC371220A0F700B15224 /* Default@2x.png in Resources */ = {isa = PBXBuildFile; fileRef = A1E5EC361220A0F700B15224 /* Default@2x.png */; };
		A1E5EC391220B03900B15224 /* Default.png in Resources */ = {isa = PBXBuildFile; fileRef = A1E5EC381220B03900B15224 /* Default.png */; };
		A1E5EC3E1220B20800B15224 /* bg_cell.png in Resources */ = {isa = PBXBuildFile; fileRef = A1E5EC3D1220B20800B15224 /* bg_cell.png */; };
		A1E5EC651220B52000B15224 /* icon_hiawatha.png in Resources */ = {isa = PBXBuildFile; fileRef = A1E5EC631220B52000B15224 /* icon_hiawatha.png */; };
		A1E5EC661220B52000B15224 /* icon_northstar.png in Resources */ = {isa = PBXBuildFile; fileRef = A1E5EC641220B52000B15224 /* icon_northstar.png */; };
		A1E5EC741220B69400B15224 /* icon_arrow.png in Resources */ = {isa = PBXBuildFile; fileRef = A1E5EC731220B69400B15224 /* icon_arrow.png */; };
		A1E810F5110BBD4F00BE6502 /* 11-clock.png in Resources */ = {isa = PBXBuildFile; fileRef = A1E810F4110BBD4F00BE6502 /* 11-clock.png */; };
		A1E810F7110BBD7D00BE6502 /* 72-pin.png in Resources */ = {isa = PBXBuildFile; fileRef = A1E810F6110BBD7D00BE6502 /* 72-pin.png */; };
		A1E81105110BC21900BE6502 /* 90-lifebuoy.png in Resources */ = {isa = PBXBuildFile; fileRef = A1E81104110BC21900BE6502 /* 90-lifebuoy.png */; };
		A1EB8E58102F987000347E7F /* DepartureDetailCell.xib in Resources */ = {isa = PBXBuildFile; fileRef = A1EB8E57102F987000347E7F /* DepartureDetailCell.xib */; };
/* End PBXBuildFile section */

/* Begin PBXFileReference section */
		1D30AB110D05D00D00671497 /* Foundation.framework */ = {isa = PBXFileReference; lastKnownFileType = wrapper.framework; name = Foundation.framework; path = System/Library/Frameworks/Foundation.framework; sourceTree = SDKROOT; };
		1D3623240D0F684500981E51 /* TrainBrainAppDelegate.h */ = {isa = PBXFileReference; fileEncoding = 4; lastKnownFileType = sourcecode.c.h; path = TrainBrainAppDelegate.h; sourceTree = "<group>"; };
		1D3623250D0F684500981E51 /* TrainBrainAppDelegate.m */ = {isa = PBXFileReference; fileEncoding = 4; lastKnownFileType = sourcecode.c.objc; path = TrainBrainAppDelegate.m; sourceTree = "<group>"; };
		1DF5F4DF0D08C38300B7A737 /* UIKit.framework */ = {isa = PBXFileReference; lastKnownFileType = wrapper.framework; name = UIKit.framework; path = System/Library/Frameworks/UIKit.framework; sourceTree = SDKROOT; };
		2892E40F0DC94CBA00A64D0F /* CoreGraphics.framework */ = {isa = PBXFileReference; lastKnownFileType = wrapper.framework; name = CoreGraphics.framework; path = System/Library/Frameworks/CoreGraphics.framework; sourceTree = SDKROOT; };
		2899E55F0DE3E45000AC0155 /* RootViewController.xib */ = {isa = PBXFileReference; lastKnownFileType = file.xib; path = RootViewController.xib; sourceTree = "<group>"; };
		28A0AAE50D9B0CCF005BE974 /* TrainBrain_Prefix.pch */ = {isa = PBXFileReference; fileEncoding = 4; lastKnownFileType = sourcecode.c.h; path = TrainBrain_Prefix.pch; sourceTree = "<group>"; };
		28AD735F0D9D9599002E5188 /* MainWindow.xib */ = {isa = PBXFileReference; lastKnownFileType = file.xib; path = MainWindow.xib; sourceTree = "<group>"; };
		28C286DF0D94DF7D0034E888 /* RootViewController.h */ = {isa = PBXFileReference; fileEncoding = 4; lastKnownFileType = sourcecode.c.h; path = RootViewController.h; sourceTree = "<group>"; };
		28C286E00D94DF7D0034E888 /* RootViewController.m */ = {isa = PBXFileReference; fileEncoding = 4; lastKnownFileType = sourcecode.c.objc; path = RootViewController.m; sourceTree = "<group>"; };
		29B97316FDCFA39411CA2CEA /* main.m */ = {isa = PBXFileReference; fileEncoding = 4; lastKnownFileType = sourcecode.c.objc; path = main.m; sourceTree = "<group>"; };
		8D1107310486CEB800E47090 /* TrainBrain-Info.plist */ = {isa = PBXFileReference; fileEncoding = 4; lastKnownFileType = text.plist.xml; path = "TrainBrain-Info.plist"; plistStructureDefinitionIdentifier = "com.apple.xcode.plist.structure-definition.iphone.info-plist"; sourceTree = "<group>"; };
		A1151739102F962E007CFBF6 /* TimeEntryViewController.h */ = {isa = PBXFileReference; fileEncoding = 4; lastKnownFileType = sourcecode.c.h; path = TimeEntryViewController.h; sourceTree = "<group>"; };
		A115173A102F962E007CFBF6 /* TimeEntryViewController.m */ = {isa = PBXFileReference; fileEncoding = 4; lastKnownFileType = sourcecode.c.objc; path = TimeEntryViewController.m; sourceTree = "<group>"; };
		A115173B102F962E007CFBF6 /* TimeEntryViewController.xib */ = {isa = PBXFileReference; lastKnownFileType = file.xib; name = TimeEntryViewController.xib; path = Classes/TimeEntryViewController.xib; sourceTree = "<group>"; };
		A115174E102F96BF007CFBF6 /* DepartureDetailCell.h */ = {isa = PBXFileReference; fileEncoding = 4; lastKnownFileType = sourcecode.c.h; path = DepartureDetailCell.h; sourceTree = "<group>"; };
		A115174F102F96BF007CFBF6 /* DepartureDetailCell.m */ = {isa = PBXFileReference; fileEncoding = 4; lastKnownFileType = sourcecode.c.objc; path = DepartureDetailCell.m; sourceTree = "<group>"; };
		A14FDCB810313164002B9E32 /* clock.png */ = {isa = PBXFileReference; lastKnownFileType = image.png; path = clock.png; sourceTree = "<group>"; };
		A1690D4F1040D2F100EB0E62 /* TrainBrain.app */ = {isa = PBXFileReference; explicitFileType = wrapper.application; includeInIndex = 0; path = TrainBrain.app; sourceTree = BUILT_PRODUCTS_DIR; };
		A1690D511040D31000EB0E62 /* Entitlements.plist */ = {isa = PBXFileReference; fileEncoding = 4; lastKnownFileType = text.plist.xml; path = Entitlements.plist; sourceTree = "<group>"; };
		A169E493102F91C600A65E05 /* CustomCell.h */ = {isa = PBXFileReference; fileEncoding = 4; lastKnownFileType = sourcecode.c.h; path = CustomCell.h; sourceTree = "<group>"; };
		A169E494102F91E500A65E05 /* CustomCell.m */ = {isa = PBXFileReference; fileEncoding = 4; lastKnownFileType = sourcecode.c.objc; path = CustomCell.m; sourceTree = "<group>"; };
		A169E4A3102F928E00A65E05 /* JSON.h */ = {isa = PBXFileReference; fileEncoding = 4; lastKnownFileType = sourcecode.c.h; path = JSON.h; sourceTree = "<group>"; };
		A169E4A4102F928E00A65E05 /* NSObject+SBJSON.h */ = {isa = PBXFileReference; fileEncoding = 4; lastKnownFileType = sourcecode.c.h; path = "NSObject+SBJSON.h"; sourceTree = "<group>"; };
		A169E4A5102F928E00A65E05 /* NSObject+SBJSON.m */ = {isa = PBXFileReference; fileEncoding = 4; lastKnownFileType = sourcecode.c.objc; path = "NSObject+SBJSON.m"; sourceTree = "<group>"; };
		A169E4A6102F928E00A65E05 /* NSString+SBJSON.h */ = {isa = PBXFileReference; fileEncoding = 4; lastKnownFileType = sourcecode.c.h; path = "NSString+SBJSON.h"; sourceTree = "<group>"; };
		A169E4A7102F928E00A65E05 /* NSString+SBJSON.m */ = {isa = PBXFileReference; fileEncoding = 4; lastKnownFileType = sourcecode.c.objc; path = "NSString+SBJSON.m"; sourceTree = "<group>"; };
		A169E4A8102F928E00A65E05 /* SBJSON.h */ = {isa = PBXFileReference; fileEncoding = 4; lastKnownFileType = sourcecode.c.h; path = SBJSON.h; sourceTree = "<group>"; };
		A169E4A9102F928E00A65E05 /* SBJSON.m */ = {isa = PBXFileReference; fileEncoding = 4; lastKnownFileType = sourcecode.c.objc; path = SBJSON.m; sourceTree = "<group>"; };
		A169E4AA102F928E00A65E05 /* SBJsonBase.h */ = {isa = PBXFileReference; fileEncoding = 4; lastKnownFileType = sourcecode.c.h; path = SBJsonBase.h; sourceTree = "<group>"; };
		A169E4AB102F928E00A65E05 /* SBJsonBase.m */ = {isa = PBXFileReference; fileEncoding = 4; lastKnownFileType = sourcecode.c.objc; path = SBJsonBase.m; sourceTree = "<group>"; };
		A169E4AC102F928E00A65E05 /* SBJsonParser.h */ = {isa = PBXFileReference; fileEncoding = 4; lastKnownFileType = sourcecode.c.h; path = SBJsonParser.h; sourceTree = "<group>"; };
		A169E4AD102F928E00A65E05 /* SBJsonParser.m */ = {isa = PBXFileReference; fileEncoding = 4; lastKnownFileType = sourcecode.c.objc; path = SBJsonParser.m; sourceTree = "<group>"; };
		A169E4AE102F928E00A65E05 /* SBJsonWriter.h */ = {isa = PBXFileReference; fileEncoding = 4; lastKnownFileType = sourcecode.c.h; path = SBJsonWriter.h; sourceTree = "<group>"; };
		A169E4AF102F928E00A65E05 /* SBJsonWriter.m */ = {isa = PBXFileReference; fileEncoding = 4; lastKnownFileType = sourcecode.c.objc; path = SBJsonWriter.m; sourceTree = "<group>"; };
		A169E4BB102F931800A65E05 /* CoreLocation.framework */ = {isa = PBXFileReference; lastKnownFileType = wrapper.framework; name = CoreLocation.framework; path = System/Library/Frameworks/CoreLocation.framework; sourceTree = SDKROOT; };
		A16A8BCA1038F93C001DF0EF /* Icon.png */ = {isa = PBXFileReference; lastKnownFileType = image.png; path = Icon.png; sourceTree = "<group>"; };
		A16F9F47121AF1F7004C1257 /* departures_bg.png */ = {isa = PBXFileReference; lastKnownFileType = image.png; path = departures_bg.png; sourceTree = "<group>"; };
		A1B56E2C10F968BF00294BEC /* MBProgressHUD.h */ = {isa = PBXFileReference; fileEncoding = 4; lastKnownFileType = sourcecode.c.h; path = MBProgressHUD.h; sourceTree = "<group>"; };
		A1B56E2D10F968BF00294BEC /* MBProgressHUD.m */ = {isa = PBXFileReference; fileEncoding = 4; lastKnownFileType = sourcecode.c.objc; path = MBProgressHUD.m; sourceTree = "<group>"; };
		A1B56FCA10F9B25300294BEC /* InfoViewController.h */ = {isa = PBXFileReference; fileEncoding = 4; lastKnownFileType = sourcecode.c.h; path = InfoViewController.h; sourceTree = "<group>"; };
		A1B56FCB10F9B25300294BEC /* InfoViewController.m */ = {isa = PBXFileReference; fileEncoding = 4; lastKnownFileType = sourcecode.c.objc; path = InfoViewController.m; sourceTree = "<group>"; };
		A1B56FCC10F9B25300294BEC /* InfoViewController.xib */ = {isa = PBXFileReference; lastKnownFileType = file.xib; name = InfoViewController.xib; path = Classes/InfoViewController.xib; sourceTree = "<group>"; };
		A1B5C4E910A120F500CD3045 /* MapKit.framework */ = {isa = PBXFileReference; lastKnownFileType = wrapper.framework; name = MapKit.framework; path = System/Library/Frameworks/MapKit.framework; sourceTree = SDKROOT; };
		A1B5C50310A1220F00CD3045 /* StopAnnotation.h */ = {isa = PBXFileReference; fileEncoding = 4; lastKnownFileType = sourcecode.c.h; path = StopAnnotation.h; sourceTree = "<group>"; };
		A1B5C50410A1220F00CD3045 /* StopAnnotation.m */ = {isa = PBXFileReference; fileEncoding = 4; lastKnownFileType = sourcecode.c.objc; path = StopAnnotation.m; sourceTree = "<group>"; };
		A1B5C54710A26FBE00CD3045 /* MapStopsViewController.h */ = {isa = PBXFileReference; fileEncoding = 4; lastKnownFileType = sourcecode.c.h; path = MapStopsViewController.h; sourceTree = "<group>"; };
		A1B5C54810A26FBE00CD3045 /* MapStopsViewController.m */ = {isa = PBXFileReference; fileEncoding = 4; lastKnownFileType = sourcecode.c.objc; path = MapStopsViewController.m; sourceTree = "<group>"; };
		A1B5C54910A26FBE00CD3045 /* MapStopsViewController.xib */ = {isa = PBXFileReference; lastKnownFileType = file.xib; name = MapStopsViewController.xib; path = Classes/MapStopsViewController.xib; sourceTree = "<group>"; };
		A1B5C58510A27E5B00CD3045 /* Stop.h */ = {isa = PBXFileReference; fileEncoding = 4; lastKnownFileType = sourcecode.c.h; path = Stop.h; sourceTree = "<group>"; };
		A1B5C58610A27E5B00CD3045 /* Stop.m */ = {isa = PBXFileReference; fileEncoding = 4; lastKnownFileType = sourcecode.c.objc; path = Stop.m; sourceTree = "<group>"; };
		A1BE49F61041F8C2005CFAD0 /* exclamation.png */ = {isa = PBXFileReference; lastKnownFileType = image.png; path = exclamation.png; sourceTree = "<group>"; };
		A1D68749121B64DA002C6081 /* TrainLineCell.h */ = {isa = PBXFileReference; fileEncoding = 4; lastKnownFileType = sourcecode.c.h; path = TrainLineCell.h; sourceTree = "<group>"; };
		A1D6874A121B64DA002C6081 /* TrainLineCell.m */ = {isa = PBXFileReference; fileEncoding = 4; lastKnownFileType = sourcecode.c.objc; path = TrainLineCell.m; sourceTree = "<group>"; };
		A1D6874E121B65D7002C6081 /* TrainLineCell.xib */ = {isa = PBXFileReference; lastKnownFileType = file.xib; name = TrainLineCell.xib; path = Classes/TrainLineCell.xib; sourceTree = "<group>"; };
		A1D688F312209E80002C6081 /* bg_cell@2x.png */ = {isa = PBXFileReference; lastKnownFileType = image.png; path = "bg_cell@2x.png"; sourceTree = "<group>"; };
		A1D688F412209E80002C6081 /* icon_arrow@2x.png */ = {isa = PBXFileReference; lastKnownFileType = image.png; path = "icon_arrow@2x.png"; sourceTree = "<group>"; };
		A1D688F512209E80002C6081 /* icon_hiawatha@2x.png */ = {isa = PBXFileReference; lastKnownFileType = image.png; path = "icon_hiawatha@2x.png"; sourceTree = "<group>"; };
		A1D688F612209E80002C6081 /* icon_northstar@2x.png */ = {isa = PBXFileReference; lastKnownFileType = image.png; path = "icon_northstar@2x.png"; sourceTree = "<group>"; };
		A1DF9D02109D3BB100328466 /* TrainStationsViewController.h */ = {isa = PBXFileReference; fileEncoding = 4; lastKnownFileType = sourcecode.c.h; path = TrainStationsViewController.h; sourceTree = "<group>"; };
		A1DF9D03109D3BB100328466 /* TrainStationsViewController.m */ = {isa = PBXFileReference; fileEncoding = 4; lastKnownFileType = sourcecode.c.objc; path = TrainStationsViewController.m; sourceTree = "<group>"; };
		A1DF9D04109D3BB100328466 /* TrainStationsViewController.xib */ = {isa = PBXFileReference; lastKnownFileType = file.xib; name = TrainStationsViewController.xib; path = Classes/TrainStationsViewController.xib; sourceTree = "<group>"; };
		A1E5EC361220A0F700B15224 /* Default@2x.png */ = {isa = PBXFileReference; lastKnownFileType = image.png; path = "Default@2x.png"; sourceTree = "<group>"; };
		A1E5EC381220B03900B15224 /* Default.png */ = {isa = PBXFileReference; lastKnownFileType = image.png; path = Default.png; sourceTree = "<group>"; };
		A1E5EC3D1220B20800B15224 /* bg_cell.png */ = {isa = PBXFileReference; lastKnownFileType = image.png; path = bg_cell.png; sourceTree = "<group>"; };
		A1E5EC631220B52000B15224 /* icon_hiawatha.png */ = {isa = PBXFileReference; lastKnownFileType = image.png; path = icon_hiawatha.png; sourceTree = "<group>"; };
		A1E5EC641220B52000B15224 /* icon_northstar.png */ = {isa = PBXFileReference; lastKnownFileType = image.png; path = icon_northstar.png; sourceTree = "<group>"; };
		A1E5EC731220B69400B15224 /* icon_arrow.png */ = {isa = PBXFileReference; lastKnownFileType = image.png; path = icon_arrow.png; sourceTree = "<group>"; };
		A1E810F4110BBD4F00BE6502 /* 11-clock.png */ = {isa = PBXFileReference; lastKnownFileType = image.png; path = "11-clock.png"; sourceTree = "<group>"; };
		A1E810F6110BBD7D00BE6502 /* 72-pin.png */ = {isa = PBXFileReference; lastKnownFileType = image.png; path = "72-pin.png"; sourceTree = "<group>"; };
		A1E81104110BC21900BE6502 /* 90-lifebuoy.png */ = {isa = PBXFileReference; lastKnownFileType = image.png; path = "90-lifebuoy.png"; sourceTree = "<group>"; };
		A1EB8E57102F987000347E7F /* DepartureDetailCell.xib */ = {isa = PBXFileReference; lastKnownFileType = file.xib; path = DepartureDetailCell.xib; sourceTree = "<group>"; };
/* End PBXFileReference section */

/* Begin PBXFrameworksBuildPhase section */
		1D60588F0D05DD3D006BFB54 /* Frameworks */ = {
			isa = PBXFrameworksBuildPhase;
			buildActionMask = 2147483647;
			files = (
				1D60589F0D05DD5A006BFB54 /* Foundation.framework in Frameworks */,
				1DF5F4E00D08C38300B7A737 /* UIKit.framework in Frameworks */,
				2892E4100DC94CBA00A64D0F /* CoreGraphics.framework in Frameworks */,
				A169E4BC102F931800A65E05 /* CoreLocation.framework in Frameworks */,
				A1B5C4EA10A120F500CD3045 /* MapKit.framework in Frameworks */,
			);
			runOnlyForDeploymentPostprocessing = 0;
		};
/* End PBXFrameworksBuildPhase section */

/* Begin PBXGroup section */
		080E96DDFE201D6D7F000001 /* Classes */ = {
			isa = PBXGroup;
			children = (
				A1B56E2C10F968BF00294BEC /* MBProgressHUD.h */,
				A1B56E2D10F968BF00294BEC /* MBProgressHUD.m */,
				A169E49D102F927100A65E05 /* JSON */,
				A115174E102F96BF007CFBF6 /* DepartureDetailCell.h */,
				A115174F102F96BF007CFBF6 /* DepartureDetailCell.m */,
				A1151739102F962E007CFBF6 /* TimeEntryViewController.h */,
				A115173A102F962E007CFBF6 /* TimeEntryViewController.m */,
				A169E494102F91E500A65E05 /* CustomCell.m */,
				A1D68749121B64DA002C6081 /* TrainLineCell.h */,
				A1D6874A121B64DA002C6081 /* TrainLineCell.m */,
				A169E493102F91C600A65E05 /* CustomCell.h */,
				28C286DF0D94DF7D0034E888 /* RootViewController.h */,
				28C286E00D94DF7D0034E888 /* RootViewController.m */,
				1D3623240D0F684500981E51 /* TrainBrainAppDelegate.h */,
				1D3623250D0F684500981E51 /* TrainBrainAppDelegate.m */,
				A1DF9D02109D3BB100328466 /* TrainStationsViewController.h */,
				A1DF9D03109D3BB100328466 /* TrainStationsViewController.m */,
				A1B5C54710A26FBE00CD3045 /* MapStopsViewController.h */,
				A1B5C54810A26FBE00CD3045 /* MapStopsViewController.m */,
				A1B5C58510A27E5B00CD3045 /* Stop.h */,
				A1B5C58610A27E5B00CD3045 /* Stop.m */,
				A1B5C50310A1220F00CD3045 /* StopAnnotation.h */,
				A1B5C50410A1220F00CD3045 /* StopAnnotation.m */,
				A1B56FCA10F9B25300294BEC /* InfoViewController.h */,
				A1B56FCB10F9B25300294BEC /* InfoViewController.m */,
			);
			path = Classes;
			sourceTree = "<group>";
		};
		19C28FACFE9D520D11CA2CBB /* Products */ = {
			isa = PBXGroup;
			children = (
				A1690D4F1040D2F100EB0E62 /* TrainBrain.app */,
			);
			name = Products;
			sourceTree = "<group>";
		};
		29B97314FDCFA39411CA2CEA /* CustomTemplate */ = {
			isa = PBXGroup;
			children = (
				A1690D511040D31000EB0E62 /* Entitlements.plist */,
				080E96DDFE201D6D7F000001 /* Classes */,
				29B97315FDCFA39411CA2CEA /* Other Sources */,
				29B97317FDCFA39411CA2CEA /* Resources */,
				29B97323FDCFA39411CA2CEA /* Frameworks */,
				19C28FACFE9D520D11CA2CBB /* Products */,
			);
			name = CustomTemplate;
			sourceTree = "<group>";
		};
		29B97315FDCFA39411CA2CEA /* Other Sources */ = {
			isa = PBXGroup;
			children = (
				28A0AAE50D9B0CCF005BE974 /* TrainBrain_Prefix.pch */,
				29B97316FDCFA39411CA2CEA /* main.m */,
			);
			name = "Other Sources";
			sourceTree = "<group>";
		};
		29B97317FDCFA39411CA2CEA /* Resources */ = {
			isa = PBXGroup;
			children = (
				A1E5EC731220B69400B15224 /* icon_arrow.png */,
				A1E5EC631220B52000B15224 /* icon_hiawatha.png */,
				A1E5EC641220B52000B15224 /* icon_northstar.png */,
				A1E5EC3D1220B20800B15224 /* bg_cell.png */,
				A1E5EC381220B03900B15224 /* Default.png */,
				A1E5EC361220A0F700B15224 /* Default@2x.png */,
				A1D688F312209E80002C6081 /* bg_cell@2x.png */,
				A1D688F412209E80002C6081 /* icon_arrow@2x.png */,
				A1D688F512209E80002C6081 /* icon_hiawatha@2x.png */,
				A1D688F612209E80002C6081 /* icon_northstar@2x.png */,
				A16F9F47121AF1F7004C1257 /* departures_bg.png */,
				A1E81104110BC21900BE6502 /* 90-lifebuoy.png */,
				A1E810F6110BBD7D00BE6502 /* 72-pin.png */,
				A1E810F4110BBD4F00BE6502 /* 11-clock.png */,
				8D1107310486CEB800E47090 /* TrainBrain-Info.plist */,
				A1BE49F61041F8C2005CFAD0 /* exclamation.png */,
				A16A8BCA1038F93C001DF0EF /* Icon.png */,
				A14FDCB810313164002B9E32 /* clock.png */,
				A1D6874E121B65D7002C6081 /* TrainLineCell.xib */,
				A1B56FCC10F9B25300294BEC /* InfoViewController.xib */,
				A1B5C54910A26FBE00CD3045 /* MapStopsViewController.xib */,
				A115173B102F962E007CFBF6 /* TimeEntryViewController.xib */,
				A1DF9D04109D3BB100328466 /* TrainStationsViewController.xib */,
				A1EB8E57102F987000347E7F /* DepartureDetailCell.xib */,
				2899E55F0DE3E45000AC0155 /* RootViewController.xib */,
				28AD735F0D9D9599002E5188 /* MainWindow.xib */,
			);
			name = Resources;
			sourceTree = "<group>";
		};
		29B97323FDCFA39411CA2CEA /* Frameworks */ = {
			isa = PBXGroup;
			children = (
				A1B5C4E910A120F500CD3045 /* MapKit.framework */,
				A169E4BB102F931800A65E05 /* CoreLocation.framework */,
				1DF5F4DF0D08C38300B7A737 /* UIKit.framework */,
				1D30AB110D05D00D00671497 /* Foundation.framework */,
				2892E40F0DC94CBA00A64D0F /* CoreGraphics.framework */,
			);
			name = Frameworks;
			sourceTree = "<group>";
		};
		A169E49D102F927100A65E05 /* JSON */ = {
			isa = PBXGroup;
			children = (
				A169E4A3102F928E00A65E05 /* JSON.h */,
				A169E4A4102F928E00A65E05 /* NSObject+SBJSON.h */,
				A169E4A5102F928E00A65E05 /* NSObject+SBJSON.m */,
				A169E4A6102F928E00A65E05 /* NSString+SBJSON.h */,
				A169E4A7102F928E00A65E05 /* NSString+SBJSON.m */,
				A169E4A8102F928E00A65E05 /* SBJSON.h */,
				A169E4A9102F928E00A65E05 /* SBJSON.m */,
				A169E4AA102F928E00A65E05 /* SBJsonBase.h */,
				A169E4AB102F928E00A65E05 /* SBJsonBase.m */,
				A169E4AC102F928E00A65E05 /* SBJsonParser.h */,
				A169E4AD102F928E00A65E05 /* SBJsonParser.m */,
				A169E4AE102F928E00A65E05 /* SBJsonWriter.h */,
				A169E4AF102F928E00A65E05 /* SBJsonWriter.m */,
			);
			name = JSON;
			sourceTree = "<group>";
		};
/* End PBXGroup section */

/* Begin PBXNativeTarget section */
		1D6058900D05DD3D006BFB54 /* TrainBrain */ = {
			isa = PBXNativeTarget;
			buildConfigurationList = 1D6058960D05DD3E006BFB54 /* Build configuration list for PBXNativeTarget "TrainBrain" */;
			buildPhases = (
				1D60588D0D05DD3D006BFB54 /* Resources */,
				1D60588E0D05DD3D006BFB54 /* Sources */,
				1D60588F0D05DD3D006BFB54 /* Frameworks */,
			);
			buildRules = (
			);
			dependencies = (
			);
			name = TrainBrain;
			productName = TrainBrain;
			productReference = A1690D4F1040D2F100EB0E62 /* TrainBrain.app */;
			productType = "com.apple.product-type.application";
		};
/* End PBXNativeTarget section */

/* Begin PBXProject section */
		29B97313FDCFA39411CA2CEA /* Project object */ = {
			isa = PBXProject;
			buildConfigurationList = C01FCF4E08A954540054247B /* Build configuration list for PBXProject "TrainBrain" */;
			compatibilityVersion = "Xcode 3.2";
			hasScannedForEncodings = 1;
			knownRegions = (
				English,
				Japanese,
				French,
				German,
				en,
			);
			mainGroup = 29B97314FDCFA39411CA2CEA /* CustomTemplate */;
			projectDirPath = "";
			projectRoot = "";
			targets = (
				1D6058900D05DD3D006BFB54 /* TrainBrain */,
			);
		};
/* End PBXProject section */

/* Begin PBXResourcesBuildPhase section */
		1D60588D0D05DD3D006BFB54 /* Resources */ = {
			isa = PBXResourcesBuildPhase;
			buildActionMask = 2147483647;
			files = (
				28AD73600D9D9599002E5188 /* MainWindow.xib in Resources */,
				2899E5600DE3E45000AC0155 /* RootViewController.xib in Resources */,
				A115173D102F962E007CFBF6 /* TimeEntryViewController.xib in Resources */,
				A1EB8E58102F987000347E7F /* DepartureDetailCell.xib in Resources */,
				A14FDCB910313164002B9E32 /* clock.png in Resources */,
				A16A8BCB1038F93C001DF0EF /* Icon.png in Resources */,
				A1690D521040D31000EB0E62 /* Entitlements.plist in Resources */,
				A1BE49F71041F8C2005CFAD0 /* exclamation.png in Resources */,
				A1DF9D06109D3BB100328466 /* TrainStationsViewController.xib in Resources */,
				A1B5C54B10A26FBE00CD3045 /* MapStopsViewController.xib in Resources */,
				A1B56FCE10F9B25300294BEC /* InfoViewController.xib in Resources */,
				A1E810F5110BBD4F00BE6502 /* 11-clock.png in Resources */,
				A1E810F7110BBD7D00BE6502 /* 72-pin.png in Resources */,
				A1E81105110BC21900BE6502 /* 90-lifebuoy.png in Resources */,
				A16F9F48121AF1F7004C1257 /* departures_bg.png in Resources */,
				A1D6874F121B65D7002C6081 /* TrainLineCell.xib in Resources */,
				A1D688F712209E80002C6081 /* bg_cell@2x.png in Resources */,
				A1D688F812209E80002C6081 /* icon_arrow@2x.png in Resources */,
				A1D688F912209E80002C6081 /* icon_hiawatha@2x.png in Resources */,
				A1D688FA12209E80002C6081 /* icon_northstar@2x.png in Resources */,
				A1E5EC371220A0F700B15224 /* Default@2x.png in Resources */,
				A1E5EC391220B03900B15224 /* Default.png in Resources */,
				A1E5EC3E1220B20800B15224 /* bg_cell.png in Resources */,
				A1E5EC651220B52000B15224 /* icon_hiawatha.png in Resources */,
				A1E5EC661220B52000B15224 /* icon_northstar.png in Resources */,
				A1E5EC741220B69400B15224 /* icon_arrow.png in Resources */,
			);
			runOnlyForDeploymentPostprocessing = 0;
		};
/* End PBXResourcesBuildPhase section */

/* Begin PBXSourcesBuildPhase section */
		1D60588E0D05DD3D006BFB54 /* Sources */ = {
			isa = PBXSourcesBuildPhase;
			buildActionMask = 2147483647;
			files = (
				1D60589B0D05DD56006BFB54 /* main.m in Sources */,
				1D3623260D0F684500981E51 /* TrainBrainAppDelegate.m in Sources */,
				28C286E10D94DF7D0034E888 /* RootViewController.m in Sources */,
				A169E495102F91E500A65E05 /* CustomCell.m in Sources */,
				A169E4B0102F928E00A65E05 /* NSObject+SBJSON.m in Sources */,
				A169E4B1102F928E00A65E05 /* NSString+SBJSON.m in Sources */,
				A169E4B2102F928E00A65E05 /* SBJSON.m in Sources */,
				A169E4B3102F928E00A65E05 /* SBJsonBase.m in Sources */,
				A169E4B4102F928E00A65E05 /* SBJsonParser.m in Sources */,
				A169E4B5102F928E00A65E05 /* SBJsonWriter.m in Sources */,
				A115173C102F962E007CFBF6 /* TimeEntryViewController.m in Sources */,
				A1151751102F96BF007CFBF6 /* DepartureDetailCell.m in Sources */,
				A1DF9D05109D3BB100328466 /* TrainStationsViewController.m in Sources */,
				A1B5C50510A1220F00CD3045 /* StopAnnotation.m in Sources */,
				A1B5C54A10A26FBE00CD3045 /* MapStopsViewController.m in Sources */,
				A1B5C58710A27E5B00CD3045 /* Stop.m in Sources */,
				A1B56E2E10F968BF00294BEC /* MBProgressHUD.m in Sources */,
				A1B56FCD10F9B25300294BEC /* InfoViewController.m in Sources */,
				A1D6874B121B64DA002C6081 /* TrainLineCell.m in Sources */,
			);
			runOnlyForDeploymentPostprocessing = 0;
		};
/* End PBXSourcesBuildPhase section */

/* Begin XCBuildConfiguration section */
		1D6058940D05DD3E006BFB54 /* Debug */ = {
			isa = XCBuildConfiguration;
			buildSettings = {
				ALWAYS_SEARCH_USER_PATHS = NO;
				COPY_PHASE_STRIP = NO;
				GCC_DYNAMIC_NO_PIC = NO;
				GCC_OPTIMIZATION_LEVEL = 0;
				GCC_PRECOMPILE_PREFIX_HEADER = YES;
				GCC_PREFIX_HEADER = TrainBrain_Prefix.pch;
				INFOPLIST_FILE = "TrainBrain-Info.plist";
				PRODUCT_NAME = TrainBrain;
			};
			name = Debug;
		};
		1D6058950D05DD3E006BFB54 /* Release */ = {
			isa = XCBuildConfiguration;
			buildSettings = {
				ALWAYS_SEARCH_USER_PATHS = NO;
				COPY_PHASE_STRIP = YES;
				GCC_PRECOMPILE_PREFIX_HEADER = YES;
				GCC_PREFIX_HEADER = TrainBrain_Prefix.pch;
				INFOPLIST_FILE = "TrainBrain-Info.plist";
				PRODUCT_NAME = TrainBrain;
			};
			name = Release;
		};
		A167A5E31040CBB10021D182 /* Distribution */ = {
			isa = XCBuildConfiguration;
			buildSettings = {
				ARCHS = "$(ARCHS_STANDARD_32_BIT)";
				CODE_SIGN_ENTITLEMENTS = dist.plist;
				CODE_SIGN_IDENTITY = "iPhone Developer";
				"CODE_SIGN_IDENTITY[sdk=iphoneos*]" = "iPhone Developer";
				GCC_C_LANGUAGE_STANDARD = c99;
				GCC_WARN_ABOUT_RETURN_TYPE = YES;
				GCC_WARN_UNUSED_VARIABLE = YES;
				PREBINDING = NO;
				PROVISIONING_PROFILE = "";
				SDKROOT = iphonesimulator4.0;
			};
			name = Distribution;
		};
		A167A5E41040CBB10021D182 /* Distribution */ = {
			isa = XCBuildConfiguration;
			buildSettings = {
				ALWAYS_SEARCH_USER_PATHS = NO;
				CODE_SIGN_ENTITLEMENTS = Entitlements.plist;
				CODE_SIGN_IDENTITY = "iPhone Distribution";
				"CODE_SIGN_IDENTITY[sdk=iphoneos*]" = "iPhone Distribution";
				COPY_PHASE_STRIP = YES;
				GCC_PRECOMPILE_PREFIX_HEADER = YES;
				GCC_PREFIX_HEADER = TrainBrain_Prefix.pch;
				INFOPLIST_FILE = "TrainBrain-Info.plist";
				PRODUCT_NAME = TrainBrain;
				PROVISIONING_PROFILE = "";
				"PROVISIONING_PROFILE[sdk=iphoneos*]" = "";
			};
			name = Distribution;
		};
		C01FCF4F08A954540054247B /* Debug */ = {
			isa = XCBuildConfiguration;
			buildSettings = {
				ARCHS = "$(ARCHS_STANDARD_32_BIT)";
				"CODE_SIGN_IDENTITY[sdk=iphoneos*]" = "iPhone Developer";
				GCC_C_LANGUAGE_STANDARD = c99;
				GCC_WARN_ABOUT_RETURN_TYPE = YES;
				GCC_WARN_UNUSED_VARIABLE = YES;
				PREBINDING = NO;
				SDKROOT = iphonesimulator4.0;
			};
			name = Debug;
		};
		C01FCF5008A954540054247B /* Release */ = {
			isa = XCBuildConfiguration;
			buildSettings = {
				ARCHS = "$(ARCHS_STANDARD_32_BIT)";
				"CODE_SIGN_IDENTITY[sdk=iphoneos*]" = "iPhone Developer";
				GCC_C_LANGUAGE_STANDARD = c99;
				GCC_WARN_ABOUT_RETURN_TYPE = YES;
				GCC_WARN_UNUSED_VARIABLE = YES;
				PREBINDING = NO;
				SDKROOT = iphonesimulator4.0;
			};
			name = Release;
		};
/* End XCBuildConfiguration section */

/* Begin XCConfigurationList section */
		1D6058960D05DD3E006BFB54 /* Build configuration list for PBXNativeTarget "TrainBrain" */ = {
			isa = XCConfigurationList;
			buildConfigurations = (
				1D6058940D05DD3E006BFB54 /* Debug */,
				1D6058950D05DD3E006BFB54 /* Release */,
				A167A5E41040CBB10021D182 /* Distribution */,
			);
			defaultConfigurationIsVisible = 0;
			defaultConfigurationName = Release;
		};
		C01FCF4E08A954540054247B /* Build configuration list for PBXProject "TrainBrain" */ = {
			isa = XCConfigurationList;
			buildConfigurations = (
				C01FCF4F08A954540054247B /* Debug */,
				C01FCF5008A954540054247B /* Release */,
				A167A5E31040CBB10021D182 /* Distribution */,
			);
			defaultConfigurationIsVisible = 0;
			defaultConfigurationName = Release;
		};
/* End XCConfigurationList section */
	};
	rootObject = 29B97313FDCFA39411CA2CEA /* Project object */;
}
